// !$*UTF8*$!
{
	archiveVersion = 1;
	classes = {
	};
	objectVersion = 46;
	objects = {

/* Begin PBXBuildFile section */
		2C6E3332171047C000BA3BDC /* maxmspsdk.xcconfig in Resources */ = {isa = PBXBuildFile; fileRef = 2C6E3331171047C000BA3BDC /* maxmspsdk.xcconfig */; };
		2CA6F05C17294FA300957BC2 /* hoa.map~.cpp in Sources */ = {isa = PBXBuildFile; fileRef = 2CA6F05317294FA300957BC2 /* hoa.map~.cpp */; };
		2CF61A471712D0620062A8EA /* MaxAudioAPI.framework in Frameworks */ = {isa = PBXBuildFile; fileRef = 2CF61A461712D0620062A8EA /* MaxAudioAPI.framework */; };
		8F29C76617C28C4A0027F5B8 /* CicmRingModulation.cpp in Sources */ = {isa = PBXBuildFile; fileRef = 8F29C6BF17C28C4A0027F5B8 /* CicmRingModulation.cpp */; };
		8F29C76717C28C4A0027F5B8 /* CicmRingModulation.h in Headers */ = {isa = PBXBuildFile; fileRef = 8F29C6C017C28C4A0027F5B8 /* CicmRingModulation.h */; };
		8F29C76817C28C4A0027F5B8 /* CicmDefine_BLAS_FFTW.h in Headers */ = {isa = PBXBuildFile; fileRef = 8F29C6C117C28C4A0027F5B8 /* CicmDefine_BLAS_FFTW.h */; };
		8F29C76917C28C4A0027F5B8 /* CicmDefine_INTEL.h in Headers */ = {isa = PBXBuildFile; fileRef = 8F29C6C217C28C4A0027F5B8 /* CicmDefine_INTEL.h */; };
		8F29C76A17C28C4A0027F5B8 /* CicmDefine_VDSP.h in Headers */ = {isa = PBXBuildFile; fileRef = 8F29C6C317C28C4A0027F5B8 /* CicmDefine_VDSP.h */; };
		8F29C76B17C28C4A0027F5B8 /* CicmDecorrelation.cpp in Sources */ = {isa = PBXBuildFile; fileRef = 8F29C6C517C28C4A0027F5B8 /* CicmDecorrelation.cpp */; };
		8F29C76C17C28C4A0027F5B8 /* CicmDecorrelation.h in Headers */ = {isa = PBXBuildFile; fileRef = 8F29C6C617C28C4A0027F5B8 /* CicmDecorrelation.h */; };
		8F29C76D17C28C4A0027F5B8 /* CicmEnvelope.cpp in Sources */ = {isa = PBXBuildFile; fileRef = 8F29C6C817C28C4A0027F5B8 /* CicmEnvelope.cpp */; };
		8F29C76E17C28C4A0027F5B8 /* CicmEnvelope.h in Headers */ = {isa = PBXBuildFile; fileRef = 8F29C6C917C28C4A0027F5B8 /* CicmEnvelope.h */; };
		8F29C76F17C28C4A0027F5B8 /* CicmFft.cpp in Sources */ = {isa = PBXBuildFile; fileRef = 8F29C6CB17C28C4A0027F5B8 /* CicmFft.cpp */; };
		8F29C77017C28C4A0027F5B8 /* CicmFft.h in Headers */ = {isa = PBXBuildFile; fileRef = 8F29C6CC17C28C4A0027F5B8 /* CicmFft.h */; };
		8F29C77117C28C4A0027F5B8 /* CicmFilter.cpp in Sources */ = {isa = PBXBuildFile; fileRef = 8F29C6CE17C28C4A0027F5B8 /* CicmFilter.cpp */; };
		8F29C77217C28C4A0027F5B8 /* CicmFilter.h in Headers */ = {isa = PBXBuildFile; fileRef = 8F29C6CF17C28C4A0027F5B8 /* CicmFilter.h */; };
		8F29C77317C28C4A0027F5B8 /* CicmFilterAllpass.cpp in Sources */ = {isa = PBXBuildFile; fileRef = 8F29C6D017C28C4A0027F5B8 /* CicmFilterAllpass.cpp */; };
		8F29C77417C28C4A0027F5B8 /* CicmFilterAllpass.h in Headers */ = {isa = PBXBuildFile; fileRef = 8F29C6D117C28C4A0027F5B8 /* CicmFilterAllpass.h */; };
		8F29C77517C28C4A0027F5B8 /* CicmFilterBiquad.cpp in Sources */ = {isa = PBXBuildFile; fileRef = 8F29C6D217C28C4A0027F5B8 /* CicmFilterBiquad.cpp */; };
		8F29C77617C28C4A0027F5B8 /* CicmFilterBiquad.h in Headers */ = {isa = PBXBuildFile; fileRef = 8F29C6D317C28C4A0027F5B8 /* CicmFilterBiquad.h */; };
		8F29C77717C28C4A0027F5B8 /* CicmFilterComb.cpp in Sources */ = {isa = PBXBuildFile; fileRef = 8F29C6D417C28C4A0027F5B8 /* CicmFilterComb.cpp */; };
		8F29C77817C28C4A0027F5B8 /* CicmFilterComb.h in Headers */ = {isa = PBXBuildFile; fileRef = 8F29C6D517C28C4A0027F5B8 /* CicmFilterComb.h */; };
		8F29C77917C28C4A0027F5B8 /* CicmFilterConvolution.cpp in Sources */ = {isa = PBXBuildFile; fileRef = 8F29C6D617C28C4A0027F5B8 /* CicmFilterConvolution.cpp */; };
		8F29C77A17C28C4A0027F5B8 /* CicmFilterConvolution.h in Headers */ = {isa = PBXBuildFile; fileRef = 8F29C6D717C28C4A0027F5B8 /* CicmFilterConvolution.h */; };
		8F29C77B17C28C4A0027F5B8 /* CicmFilterConvolutionZero.cpp in Sources */ = {isa = PBXBuildFile; fileRef = 8F29C6D817C28C4A0027F5B8 /* CicmFilterConvolutionZero.cpp */; };
		8F29C77C17C28C4A0027F5B8 /* CicmFilterConvolutionZero.h in Headers */ = {isa = PBXBuildFile; fileRef = 8F29C6D917C28C4A0027F5B8 /* CicmFilterConvolutionZero.h */; };
		8F29C77D17C28C4A0027F5B8 /* CicmFilterDamper.h in Headers */ = {isa = PBXBuildFile; fileRef = 8F29C6DA17C28C4A0027F5B8 /* CicmFilterDamper.h */; };
		8F29C77E17C28C4A0027F5B8 /* CicmFilterDelay.cpp in Sources */ = {isa = PBXBuildFile; fileRef = 8F29C6DB17C28C4A0027F5B8 /* CicmFilterDelay.cpp */; };
		8F29C77F17C28C4A0027F5B8 /* CicmFilterDelay.h in Headers */ = {isa = PBXBuildFile; fileRef = 8F29C6DC17C28C4A0027F5B8 /* CicmFilterDelay.h */; };
		8F29C78017C28C4A0027F5B8 /* CicmFilterDiffuser.cpp in Sources */ = {isa = PBXBuildFile; fileRef = 8F29C6DD17C28C4A0027F5B8 /* CicmFilterDiffuser.cpp */; };
		8F29C78117C28C4A0027F5B8 /* CicmFilterDiffuser.h in Headers */ = {isa = PBXBuildFile; fileRef = 8F29C6DE17C28C4A0027F5B8 /* CicmFilterDiffuser.h */; };
		8F29C78217C28C4A0027F5B8 /* CicmFilterFir.cpp in Sources */ = {isa = PBXBuildFile; fileRef = 8F29C6DF17C28C4A0027F5B8 /* CicmFilterFir.cpp */; };
		8F29C78317C28C4A0027F5B8 /* CicmFilterFir.h in Headers */ = {isa = PBXBuildFile; fileRef = 8F29C6E017C28C4A0027F5B8 /* CicmFilterFir.h */; };
		8F29C78417C28C4A0027F5B8 /* CicmFilterFixedDelay.cpp in Sources */ = {isa = PBXBuildFile; fileRef = 8F29C6E117C28C4A0027F5B8 /* CicmFilterFixedDelay.cpp */; };
		8F29C78517C28C4A0027F5B8 /* CicmFilterFixedDelay.h in Headers */ = {isa = PBXBuildFile; fileRef = 8F29C6E217C28C4A0027F5B8 /* CicmFilterFixedDelay.h */; };
		8F29C78617C28C4A0027F5B8 /* CicmFilterOnePole.cpp in Sources */ = {isa = PBXBuildFile; fileRef = 8F29C6E317C28C4A0027F5B8 /* CicmFilterOnePole.cpp */; };
		8F29C78717C28C4A0027F5B8 /* CicmFilterOnePole.h in Headers */ = {isa = PBXBuildFile; fileRef = 8F29C6E417C28C4A0027F5B8 /* CicmFilterOnePole.h */; };
		8F29C78817C28C4A0027F5B8 /* CicmOnePole.cpp in Sources */ = {isa = PBXBuildFile; fileRef = 8F29C6E517C28C4A0027F5B8 /* CicmOnePole.cpp */; };
		8F29C78917C28C4A0027F5B8 /* CicmOnePole.h in Headers */ = {isa = PBXBuildFile; fileRef = 8F29C6E617C28C4A0027F5B8 /* CicmOnePole.h */; };
		8F29C78A17C28C4A0027F5B8 /* CicmQSGS.cpp in Sources */ = {isa = PBXBuildFile; fileRef = 8F29C6E817C28C4A0027F5B8 /* CicmQSGS.cpp */; };
		8F29C78B17C28C4A0027F5B8 /* CicmQSGS.h in Headers */ = {isa = PBXBuildFile; fileRef = 8F29C6E917C28C4A0027F5B8 /* CicmQSGS.h */; };
		8F29C78C17C28C4A0027F5B8 /* CicmLibrary.h in Headers */ = {isa = PBXBuildFile; fileRef = 8F29C6EA17C28C4A0027F5B8 /* CicmLibrary.h */; };
		8F29C78D17C28C4A0027F5B8 /* CicmLine.cpp in Sources */ = {isa = PBXBuildFile; fileRef = 8F29C6EC17C28C4A0027F5B8 /* CicmLine.cpp */; };
		8F29C78E17C28C4A0027F5B8 /* CicmLine.h in Headers */ = {isa = PBXBuildFile; fileRef = 8F29C6ED17C28C4A0027F5B8 /* CicmLine.h */; };
		8F29C78F17C28C4A0027F5B8 /* CicmFreeverb.cpp in Sources */ = {isa = PBXBuildFile; fileRef = 8F29C6EF17C28C4A0027F5B8 /* CicmFreeverb.cpp */; };
		8F29C79017C28C4A0027F5B8 /* CicmFreeverb.h in Headers */ = {isa = PBXBuildFile; fileRef = 8F29C6F017C28C4A0027F5B8 /* CicmFreeverb.h */; };
		8F29C79117C28C4A0027F5B8 /* CicmTuning.h in Headers */ = {isa = PBXBuildFile; fileRef = 8F29C6F117C28C4A0027F5B8 /* CicmTuning.h */; };
		8F29C79217C28C4A0027F5B8 /* CicmSignal.h in Headers */ = {isa = PBXBuildFile; fileRef = 8F29C6F217C28C4A0027F5B8 /* CicmSignal.h */; };
		8F29C79317C28C4A0027F5B8 /* CicmTools.h in Headers */ = {isa = PBXBuildFile; fileRef = 8F29C6F317C28C4A0027F5B8 /* CicmTools.h */; };
		8F29C79417C28C4A0027F5B8 /* Ambisonic3D.cpp in Sources */ = {isa = PBXBuildFile; fileRef = 8F29C6F517C28C4A0027F5B8 /* Ambisonic3D.cpp */; };
		8F29C79517C28C4A0027F5B8 /* Ambisonic3D.h in Headers */ = {isa = PBXBuildFile; fileRef = 8F29C6F617C28C4A0027F5B8 /* Ambisonic3D.h */; };
		8F29C79617C28C4A0027F5B8 /* Ambisonics.cpp in Sources */ = {isa = PBXBuildFile; fileRef = 8F29C6F717C28C4A0027F5B8 /* Ambisonics.cpp */; };
		8F29C79717C28C4A0027F5B8 /* Ambisonics.h in Headers */ = {isa = PBXBuildFile; fileRef = 8F29C6F817C28C4A0027F5B8 /* Ambisonics.h */; };
		8F29C79817C28C4A0027F5B8 /* AmbisonicsDiffuser.cpp in Sources */ = {isa = PBXBuildFile; fileRef = 8F29C6F917C28C4A0027F5B8 /* AmbisonicsDiffuser.cpp */; };
		8F29C79917C28C4A0027F5B8 /* AmbisonicsDiffuser.h in Headers */ = {isa = PBXBuildFile; fileRef = 8F29C6FA17C28C4A0027F5B8 /* AmbisonicsDiffuser.h */; };
		8F29C79A17C28C4A0027F5B8 /* AmbisonicsViewer.cpp in Sources */ = {isa = PBXBuildFile; fileRef = 8F29C6FB17C28C4A0027F5B8 /* AmbisonicsViewer.cpp */; };
		8F29C79B17C28C4A0027F5B8 /* AmbisonicsViewer.h in Headers */ = {isa = PBXBuildFile; fileRef = 8F29C6FC17C28C4A0027F5B8 /* AmbisonicsViewer.h */; };
		8F29C79C17C28C4A0027F5B8 /* Planewaves.cpp in Sources */ = {isa = PBXBuildFile; fileRef = 8F29C6FD17C28C4A0027F5B8 /* Planewaves.cpp */; };
		8F29C79D17C28C4A0027F5B8 /* Planewaves.h in Headers */ = {isa = PBXBuildFile; fileRef = 8F29C6FE17C28C4A0027F5B8 /* Planewaves.h */; };
		8F29C79E17C28C4A0027F5B8 /* AmbisonicsBinaural.cpp in Sources */ = {isa = PBXBuildFile; fileRef = 8F29C70017C28C4A0027F5B8 /* AmbisonicsBinaural.cpp */; };
		8F29C79F17C28C4A0027F5B8 /* AmbisonicsBinaural.h in Headers */ = {isa = PBXBuildFile; fileRef = 8F29C70117C28C4A0027F5B8 /* AmbisonicsBinaural.h */; };
		8F29C7A017C28C4A0027F5B8 /* BoidsManager.cpp in Sources */ = {isa = PBXBuildFile; fileRef = 8F29C70317C28C4A0027F5B8 /* BoidsManager.cpp */; };
		8F29C7A117C28C4A0027F5B8 /* BoidsManager.h in Headers */ = {isa = PBXBuildFile; fileRef = 8F29C70417C28C4A0027F5B8 /* BoidsManager.h */; };
		8F29C7A217C28C4A0027F5B8 /* AmbisonicConvolver.cpp in Sources */ = {isa = PBXBuildFile; fileRef = 8F29C70617C28C4A0027F5B8 /* AmbisonicConvolver.cpp */; };
		8F29C7A317C28C4A0027F5B8 /* AmbisonicConvolver.h in Headers */ = {isa = PBXBuildFile; fileRef = 8F29C70717C28C4A0027F5B8 /* AmbisonicConvolver.h */; };
		8F29C7A417C28C4A0027F5B8 /* AmbisonicDecoder3D.cpp in Sources */ = {isa = PBXBuildFile; fileRef = 8F29C70917C28C4A0027F5B8 /* AmbisonicDecoder3D.cpp */; };
		8F29C7A517C28C4A0027F5B8 /* AmbisonicDecoder3D.h in Headers */ = {isa = PBXBuildFile; fileRef = 8F29C70A17C28C4A0027F5B8 /* AmbisonicDecoder3D.h */; };
		8F29C7A617C28C4A0027F5B8 /* AmbisonicsDecoder.cpp in Sources */ = {isa = PBXBuildFile; fileRef = 8F29C70B17C28C4A0027F5B8 /* AmbisonicsDecoder.cpp */; };
		8F29C7A717C28C4A0027F5B8 /* AmbisonicsDecoder.h in Headers */ = {isa = PBXBuildFile; fileRef = 8F29C70C17C28C4A0027F5B8 /* AmbisonicsDecoder.h */; };
		8F29C7A817C28C4A0027F5B8 /* AmbisonicsDelay.cpp in Sources */ = {isa = PBXBuildFile; fileRef = 8F29C70E17C28C4A0027F5B8 /* AmbisonicsDelay.cpp */; };
		8F29C7A917C28C4A0027F5B8 /* AmbisonicsDelay.h in Headers */ = {isa = PBXBuildFile; fileRef = 8F29C70F17C28C4A0027F5B8 /* AmbisonicsDelay.h */; };
		8F29C7AA17C28C4A0027F5B8 /* AmbisonicEncoder.cpp in Sources */ = {isa = PBXBuildFile; fileRef = 8F29C71117C28C4A0027F5B8 /* AmbisonicEncoder.cpp */; };
		8F29C7AB17C28C4A0027F5B8 /* AmbisonicEncoder.h in Headers */ = {isa = PBXBuildFile; fileRef = 8F29C71217C28C4A0027F5B8 /* AmbisonicEncoder.h */; };
		8F29C7AC17C28C4A0027F5B8 /* AmbisonicEncoder3D.cpp in Sources */ = {isa = PBXBuildFile; fileRef = 8F29C71317C28C4A0027F5B8 /* AmbisonicEncoder3D.cpp */; };
		8F29C7AD17C28C4A0027F5B8 /* AmbisonicEncoder3D.h in Headers */ = {isa = PBXBuildFile; fileRef = 8F29C71417C28C4A0027F5B8 /* AmbisonicEncoder3D.h */; };
		8F29C7AE17C28C4A0027F5B8 /* AmbisonicsFilter.cpp in Sources */ = {isa = PBXBuildFile; fileRef = 8F29C71617C28C4A0027F5B8 /* AmbisonicsFilter.cpp */; };
		8F29C7AF17C28C4A0027F5B8 /* AmbisonicsFilter.h in Headers */ = {isa = PBXBuildFile; fileRef = 8F29C71717C28C4A0027F5B8 /* AmbisonicsFilter.h */; };
		8F29C7B017C28C4A0027F5B8 /* AmbisonicsFreeverb.cpp in Sources */ = {isa = PBXBuildFile; fileRef = 8F29C71917C28C4A0027F5B8 /* AmbisonicsFreeverb.cpp */; };
		8F29C7B117C28C4A0027F5B8 /* AmbisonicsFreeverb.h in Headers */ = {isa = PBXBuildFile; fileRef = 8F29C71A17C28C4A0027F5B8 /* AmbisonicsFreeverb.h */; };
		8F29C7B217C28C4A0027F5B8 /* AmbisonicsGalaxy.cpp in Sources */ = {isa = PBXBuildFile; fileRef = 8F29C71C17C28C4A0027F5B8 /* AmbisonicsGalaxy.cpp */; };
		8F29C7B317C28C4A0027F5B8 /* AmbisonicsGalaxy.h in Headers */ = {isa = PBXBuildFile; fileRef = 8F29C71D17C28C4A0027F5B8 /* AmbisonicsGalaxy.h */; };
		8F29C7B417C28C4A0027F5B8 /* AmbisonicsPlanetarySystem.h in Headers */ = {isa = PBXBuildFile; fileRef = 8F29C71E17C28C4A0027F5B8 /* AmbisonicsPlanetarySystem.h */; };
		8F29C7B517C28C4A0027F5B8 /* AmbisonicsPlanetarySystemGlobal.cpp in Sources */ = {isa = PBXBuildFile; fileRef = 8F29C71F17C28C4A0027F5B8 /* AmbisonicsPlanetarySystemGlobal.cpp */; };
		8F29C7B617C28C4A0027F5B8 /* AmbisonicsPlanetarySystemSatellites.cpp in Sources */ = {isa = PBXBuildFile; fileRef = 8F29C72017C28C4A0027F5B8 /* AmbisonicsPlanetarySystemSatellites.cpp */; };
		8F29C7B717C28C4A0027F5B8 /* AmbisonicsPlanetarySystemSun.cpp in Sources */ = {isa = PBXBuildFile; fileRef = 8F29C72117C28C4A0027F5B8 /* AmbisonicsPlanetarySystemSun.cpp */; };
		8F29C7B817C28C4A0027F5B8 /* AmbisonicsSatellite.cpp in Sources */ = {isa = PBXBuildFile; fileRef = 8F29C72217C28C4A0027F5B8 /* AmbisonicsSatellite.cpp */; };
		8F29C7B917C28C4A0027F5B8 /* AmbisonicsSatellite.h in Headers */ = {isa = PBXBuildFile; fileRef = 8F29C72317C28C4A0027F5B8 /* AmbisonicsSatellite.h */; };
		8F29C7BA17C28C4A0027F5B8 /* AmbisonicsStar.cpp in Sources */ = {isa = PBXBuildFile; fileRef = 8F29C72417C28C4A0027F5B8 /* AmbisonicsStar.cpp */; };
		8F29C7BB17C28C4A0027F5B8 /* AmbisonicsStar.h in Headers */ = {isa = PBXBuildFile; fileRef = 8F29C72517C28C4A0027F5B8 /* AmbisonicsStar.h */; };
		8F29C7BC17C28C4A0027F5B8 /* AmbisonicsSun.cpp in Sources */ = {isa = PBXBuildFile; fileRef = 8F29C72617C28C4A0027F5B8 /* AmbisonicsSun.cpp */; };
		8F29C7BD17C28C4A0027F5B8 /* AmbisonicsSun.h in Headers */ = {isa = PBXBuildFile; fileRef = 8F29C72717C28C4A0027F5B8 /* AmbisonicsSun.h */; };
		8F29C7BE17C28C4A0027F5B8 /* AmbisonicsGrain.cpp in Sources */ = {isa = PBXBuildFile; fileRef = 8F29C72917C28C4A0027F5B8 /* AmbisonicsGrain.cpp */; };
		8F29C7BF17C28C4A0027F5B8 /* AmbisonicsGrain.h in Headers */ = {isa = PBXBuildFile; fileRef = 8F29C72A17C28C4A0027F5B8 /* AmbisonicsGrain.h */; };
		8F29C7C017C28C4A0027F5B8 /* HoaLibrary.h in Headers */ = {isa = PBXBuildFile; fileRef = 8F29C72B17C28C4A0027F5B8 /* HoaLibrary.h */; };
		8F29C7C117C28C4A0027F5B8 /* AmbisonicMap.cpp in Sources */ = {isa = PBXBuildFile; fileRef = 8F29C72D17C28C4A0027F5B8 /* AmbisonicMap.cpp */; };
		8F29C7C217C28C4A0027F5B8 /* AmbisonicMap.h in Headers */ = {isa = PBXBuildFile; fileRef = 8F29C72E17C28C4A0027F5B8 /* AmbisonicMap.h */; };
		8F29C7C317C28C4A0027F5B8 /* AmbisonicMultiMaps.cpp in Sources */ = {isa = PBXBuildFile; fileRef = 8F29C72F17C28C4A0027F5B8 /* AmbisonicMultiMaps.cpp */; };
		8F29C7C417C28C4A0027F5B8 /* AmbisonicMultiMaps.h in Headers */ = {isa = PBXBuildFile; fileRef = 8F29C73017C28C4A0027F5B8 /* AmbisonicMultiMaps.h */; };
		8F29C7C517C28C4A0027F5B8 /* AmbisonicSource.cpp in Sources */ = {isa = PBXBuildFile; fileRef = 8F29C73117C28C4A0027F5B8 /* AmbisonicSource.cpp */; };
		8F29C7C617C28C4A0027F5B8 /* AmbisonicSource.h in Headers */ = {isa = PBXBuildFile; fileRef = 8F29C73217C28C4A0027F5B8 /* AmbisonicSource.h */; };
		8F29C7C717C28C4A0027F5B8 /* AmbisonicSourcesGroup.cpp in Sources */ = {isa = PBXBuildFile; fileRef = 8F29C73317C28C4A0027F5B8 /* AmbisonicSourcesGroup.cpp */; };
		8F29C7C817C28C4A0027F5B8 /* AmbisonicSourcesGroup.h in Headers */ = {isa = PBXBuildFile; fileRef = 8F29C73417C28C4A0027F5B8 /* AmbisonicSourcesGroup.h */; };
		8F29C7C917C28C4A0027F5B8 /* AmbisonicSourcesManager.cpp in Sources */ = {isa = PBXBuildFile; fileRef = 8F29C73517C28C4A0027F5B8 /* AmbisonicSourcesManager.cpp */; };
		8F29C7CA17C28C4A0027F5B8 /* AmbisonicSourcesManager.h in Headers */ = {isa = PBXBuildFile; fileRef = 8F29C73617C28C4A0027F5B8 /* AmbisonicSourcesManager.h */; };
		8F29C7CB17C28C4A0027F5B8 /* AmbisonicSourcesPreset.cpp in Sources */ = {isa = PBXBuildFile; fileRef = 8F29C73717C28C4A0027F5B8 /* AmbisonicSourcesPreset.cpp */; };
		8F29C7CC17C28C4A0027F5B8 /* AmbisonicSourcesPreset.h in Headers */ = {isa = PBXBuildFile; fileRef = 8F29C73817C28C4A0027F5B8 /* AmbisonicSourcesPreset.h */; };
		8F29C7CD17C28C4A0027F5B8 /* AmbisonicSourcesTrajectory.cpp in Sources */ = {isa = PBXBuildFile; fileRef = 8F29C73917C28C4A0027F5B8 /* AmbisonicSourcesTrajectory.cpp */; };
		8F29C7CE17C28C4A0027F5B8 /* AmbisonicSourcesTrajectory.h in Headers */ = {isa = PBXBuildFile; fileRef = 8F29C73A17C28C4A0027F5B8 /* AmbisonicSourcesTrajectory.h */; };
		8F29C7CF17C28C4A0027F5B8 /* AmbisonicsMeter.cpp in Sources */ = {isa = PBXBuildFile; fileRef = 8F29C73C17C28C4A0027F5B8 /* AmbisonicsMeter.cpp */; };
		8F29C7D017C28C4A0027F5B8 /* AmbisonicsMeter.h in Headers */ = {isa = PBXBuildFile; fileRef = 8F29C73D17C28C4A0027F5B8 /* AmbisonicsMeter.h */; };
		8F29C7D117C28C4A0027F5B8 /* AmbisonicsMultiDecoder.cpp in Sources */ = {isa = PBXBuildFile; fileRef = 8F29C73F17C28C4A0027F5B8 /* AmbisonicsMultiDecoder.cpp */; };
		8F29C7D217C28C4A0027F5B8 /* AmbisonicsMultiDecoder.h in Headers */ = {isa = PBXBuildFile; fileRef = 8F29C74017C28C4A0027F5B8 /* AmbisonicsMultiDecoder.h */; };
		8F29C7D317C28C4A0027F5B8 /* AmbisonicOptim.cpp in Sources */ = {isa = PBXBuildFile; fileRef = 8F29C74217C28C4A0027F5B8 /* AmbisonicOptim.cpp */; };
		8F29C7D417C28C4A0027F5B8 /* AmbisonicOptim.h in Headers */ = {isa = PBXBuildFile; fileRef = 8F29C74317C28C4A0027F5B8 /* AmbisonicOptim.h */; };
		8F29C7D517C28C4A0027F5B8 /* AmbisonicsProjector.cpp in Sources */ = {isa = PBXBuildFile; fileRef = 8F29C74517C28C4A0027F5B8 /* AmbisonicsProjector.cpp */; };
		8F29C7D617C28C4A0027F5B8 /* AmbisonicsProjector.h in Headers */ = {isa = PBXBuildFile; fileRef = 8F29C74617C28C4A0027F5B8 /* AmbisonicsProjector.h */; };
		8F29C7DD17C28C4A0027F5B8 /* AmbisonicsRestitution.cpp in Sources */ = {isa = PBXBuildFile; fileRef = 8F29C74F17C28C4A0027F5B8 /* AmbisonicsRestitution.cpp */; };
		8F29C7DE17C28C4A0027F5B8 /* AmbisonicsRestitution.h in Headers */ = {isa = PBXBuildFile; fileRef = 8F29C75017C28C4A0027F5B8 /* AmbisonicsRestitution.h */; };
		8F29C7DF17C28C4A0027F5B8 /* AmbisonicsRingModulation.cpp in Sources */ = {isa = PBXBuildFile; fileRef = 8F29C75217C28C4A0027F5B8 /* AmbisonicsRingModulation.cpp */; };
		8F29C7E017C28C4A0027F5B8 /* AmbisonicsRingModulation.h in Headers */ = {isa = PBXBuildFile; fileRef = 8F29C75317C28C4A0027F5B8 /* AmbisonicsRingModulation.h */; };
		8F29C7E117C28C4A0027F5B8 /* AmbisonicRotate.cpp in Sources */ = {isa = PBXBuildFile; fileRef = 8F29C75517C28C4A0027F5B8 /* AmbisonicRotate.cpp */; };
		8F29C7E217C28C4A0027F5B8 /* AmbisonicRotate.h in Headers */ = {isa = PBXBuildFile; fileRef = 8F29C75617C28C4A0027F5B8 /* AmbisonicRotate.h */; };
		8F29C7E317C28C4A0027F5B8 /* AmbisonicsScope.cpp in Sources */ = {isa = PBXBuildFile; fileRef = 8F29C75817C28C4A0027F5B8 /* AmbisonicsScope.cpp */; };
		8F29C7E417C28C4A0027F5B8 /* AmbisonicsScope.h in Headers */ = {isa = PBXBuildFile; fileRef = 8F29C75917C28C4A0027F5B8 /* AmbisonicsScope.h */; };
		8F29C7E517C28C4A0027F5B8 /* AmbisonicSpace.cpp in Sources */ = {isa = PBXBuildFile; fileRef = 8F29C75B17C28C4A0027F5B8 /* AmbisonicSpace.cpp */; };
		8F29C7E617C28C4A0027F5B8 /* AmbisonicSpace.h in Headers */ = {isa = PBXBuildFile; fileRef = 8F29C75C17C28C4A0027F5B8 /* AmbisonicSpace.h */; };
		8F29C7E717C28C4A0027F5B8 /* AmbisonicSpectrum.cpp in Sources */ = {isa = PBXBuildFile; fileRef = 8F29C75E17C28C4A0027F5B8 /* AmbisonicSpectrum.cpp */; };
		8F29C7E817C28C4A0027F5B8 /* AmbisonicSpectrum.h in Headers */ = {isa = PBXBuildFile; fileRef = 8F29C75F17C28C4A0027F5B8 /* AmbisonicSpectrum.h */; };
		8F29C7E917C28C4A0027F5B8 /* AmbisonicVector.cpp in Sources */ = {isa = PBXBuildFile; fileRef = 8F29C76117C28C4A0027F5B8 /* AmbisonicVector.cpp */; };
		8F29C7EA17C28C4A0027F5B8 /* AmbisonicVector.h in Headers */ = {isa = PBXBuildFile; fileRef = 8F29C76217C28C4A0027F5B8 /* AmbisonicVector.h */; };
		8F29C7EB17C28C4A0027F5B8 /* AmbisonicWider.cpp in Sources */ = {isa = PBXBuildFile; fileRef = 8F29C76417C28C4A0027F5B8 /* AmbisonicWider.cpp */; };
		8F29C7EC17C28C4A0027F5B8 /* AmbisonicWider.h in Headers */ = {isa = PBXBuildFile; fileRef = 8F29C76517C28C4A0027F5B8 /* AmbisonicWider.h */; };
		8FC9B331175EA3EC0006E4BB /* Accelerate.framework in Frameworks */ = {isa = PBXBuildFile; fileRef = 8FC9B330175EA3EC0006E4BB /* Accelerate.framework */; };
/* End PBXBuildFile section */

/* Begin PBXFileReference section */
		2C6E3331171047C000BA3BDC /* maxmspsdk.xcconfig */ = {isa = PBXFileReference; fileEncoding = 4; lastKnownFileType = text.xcconfig; name = maxmspsdk.xcconfig; path = ../maxmspsdk.xcconfig; sourceTree = "<group>"; };
		2CA6F05317294FA300957BC2 /* hoa.map~.cpp */ = {isa = PBXFileReference; fileEncoding = 4; lastKnownFileType = sourcecode.cpp.cpp; path = "hoa.map~.cpp"; sourceTree = "<group>"; };
		2CF61A461712D0620062A8EA /* MaxAudioAPI.framework */ = {isa = PBXFileReference; lastKnownFileType = wrapper.framework; name = MaxAudioAPI.framework; path = "../../../../SDKs/MaxSDK-6.1.1/c74support/msp-includes/MaxAudioAPI.framework"; sourceTree = "<group>"; };
		2FBBEAE508F335360078DB84 /* hoa.map~.mxo */ = {isa = PBXFileReference; explicitFileType = wrapper.cfbundle; includeInIndex = 0; path = "hoa.map~.mxo"; sourceTree = BUILT_PRODUCTS_DIR; };
		8F29C6BF17C28C4A0027F5B8 /* CicmRingModulation.cpp */ = {isa = PBXFileReference; fileEncoding = 4; lastKnownFileType = sourcecode.cpp.cpp; path = CicmRingModulation.cpp; sourceTree = "<group>"; };
		8F29C6C017C28C4A0027F5B8 /* CicmRingModulation.h */ = {isa = PBXFileReference; fileEncoding = 4; lastKnownFileType = sourcecode.c.h; path = CicmRingModulation.h; sourceTree = "<group>"; };
		8F29C6C117C28C4A0027F5B8 /* CicmDefine_BLAS_FFTW.h */ = {isa = PBXFileReference; fileEncoding = 4; lastKnownFileType = sourcecode.c.h; path = CicmDefine_BLAS_FFTW.h; sourceTree = "<group>"; };
		8F29C6C217C28C4A0027F5B8 /* CicmDefine_INTEL.h */ = {isa = PBXFileReference; fileEncoding = 4; lastKnownFileType = sourcecode.c.h; path = CicmDefine_INTEL.h; sourceTree = "<group>"; };
		8F29C6C317C28C4A0027F5B8 /* CicmDefine_VDSP.h */ = {isa = PBXFileReference; fileEncoding = 4; lastKnownFileType = sourcecode.c.h; path = CicmDefine_VDSP.h; sourceTree = "<group>"; };
		8F29C6C517C28C4A0027F5B8 /* CicmDecorrelation.cpp */ = {isa = PBXFileReference; fileEncoding = 4; lastKnownFileType = sourcecode.cpp.cpp; path = CicmDecorrelation.cpp; sourceTree = "<group>"; };
		8F29C6C617C28C4A0027F5B8 /* CicmDecorrelation.h */ = {isa = PBXFileReference; fileEncoding = 4; lastKnownFileType = sourcecode.c.h; path = CicmDecorrelation.h; sourceTree = "<group>"; };
		8F29C6C817C28C4A0027F5B8 /* CicmEnvelope.cpp */ = {isa = PBXFileReference; fileEncoding = 4; lastKnownFileType = sourcecode.cpp.cpp; path = CicmEnvelope.cpp; sourceTree = "<group>"; };
		8F29C6C917C28C4A0027F5B8 /* CicmEnvelope.h */ = {isa = PBXFileReference; fileEncoding = 4; lastKnownFileType = sourcecode.c.h; path = CicmEnvelope.h; sourceTree = "<group>"; };
		8F29C6CB17C28C4A0027F5B8 /* CicmFft.cpp */ = {isa = PBXFileReference; fileEncoding = 4; lastKnownFileType = sourcecode.cpp.cpp; path = CicmFft.cpp; sourceTree = "<group>"; };
		8F29C6CC17C28C4A0027F5B8 /* CicmFft.h */ = {isa = PBXFileReference; fileEncoding = 4; lastKnownFileType = sourcecode.c.h; path = CicmFft.h; sourceTree = "<group>"; };
		8F29C6CE17C28C4A0027F5B8 /* CicmFilter.cpp */ = {isa = PBXFileReference; fileEncoding = 4; lastKnownFileType = sourcecode.cpp.cpp; path = CicmFilter.cpp; sourceTree = "<group>"; };
		8F29C6CF17C28C4A0027F5B8 /* CicmFilter.h */ = {isa = PBXFileReference; fileEncoding = 4; lastKnownFileType = sourcecode.c.h; path = CicmFilter.h; sourceTree = "<group>"; };
		8F29C6D017C28C4A0027F5B8 /* CicmFilterAllpass.cpp */ = {isa = PBXFileReference; fileEncoding = 4; lastKnownFileType = sourcecode.cpp.cpp; path = CicmFilterAllpass.cpp; sourceTree = "<group>"; };
		8F29C6D117C28C4A0027F5B8 /* CicmFilterAllpass.h */ = {isa = PBXFileReference; fileEncoding = 4; lastKnownFileType = sourcecode.c.h; path = CicmFilterAllpass.h; sourceTree = "<group>"; };
		8F29C6D217C28C4A0027F5B8 /* CicmFilterBiquad.cpp */ = {isa = PBXFileReference; fileEncoding = 4; lastKnownFileType = sourcecode.cpp.cpp; path = CicmFilterBiquad.cpp; sourceTree = "<group>"; };
		8F29C6D317C28C4A0027F5B8 /* CicmFilterBiquad.h */ = {isa = PBXFileReference; fileEncoding = 4; lastKnownFileType = sourcecode.c.h; path = CicmFilterBiquad.h; sourceTree = "<group>"; };
		8F29C6D417C28C4A0027F5B8 /* CicmFilterComb.cpp */ = {isa = PBXFileReference; fileEncoding = 4; lastKnownFileType = sourcecode.cpp.cpp; path = CicmFilterComb.cpp; sourceTree = "<group>"; };
		8F29C6D517C28C4A0027F5B8 /* CicmFilterComb.h */ = {isa = PBXFileReference; fileEncoding = 4; lastKnownFileType = sourcecode.c.h; path = CicmFilterComb.h; sourceTree = "<group>"; };
		8F29C6D617C28C4A0027F5B8 /* CicmFilterConvolution.cpp */ = {isa = PBXFileReference; fileEncoding = 4; lastKnownFileType = sourcecode.cpp.cpp; path = CicmFilterConvolution.cpp; sourceTree = "<group>"; };
		8F29C6D717C28C4A0027F5B8 /* CicmFilterConvolution.h */ = {isa = PBXFileReference; fileEncoding = 4; lastKnownFileType = sourcecode.c.h; path = CicmFilterConvolution.h; sourceTree = "<group>"; };
		8F29C6D817C28C4A0027F5B8 /* CicmFilterConvolutionZero.cpp */ = {isa = PBXFileReference; fileEncoding = 4; lastKnownFileType = sourcecode.cpp.cpp; path = CicmFilterConvolutionZero.cpp; sourceTree = "<group>"; };
		8F29C6D917C28C4A0027F5B8 /* CicmFilterConvolutionZero.h */ = {isa = PBXFileReference; fileEncoding = 4; lastKnownFileType = sourcecode.c.h; path = CicmFilterConvolutionZero.h; sourceTree = "<group>"; };
		8F29C6DA17C28C4A0027F5B8 /* CicmFilterDamper.h */ = {isa = PBXFileReference; fileEncoding = 4; lastKnownFileType = sourcecode.c.h; path = CicmFilterDamper.h; sourceTree = "<group>"; };
		8F29C6DB17C28C4A0027F5B8 /* CicmFilterDelay.cpp */ = {isa = PBXFileReference; fileEncoding = 4; lastKnownFileType = sourcecode.cpp.cpp; path = CicmFilterDelay.cpp; sourceTree = "<group>"; };
		8F29C6DC17C28C4A0027F5B8 /* CicmFilterDelay.h */ = {isa = PBXFileReference; fileEncoding = 4; lastKnownFileType = sourcecode.c.h; path = CicmFilterDelay.h; sourceTree = "<group>"; };
		8F29C6DD17C28C4A0027F5B8 /* CicmFilterDiffuser.cpp */ = {isa = PBXFileReference; fileEncoding = 4; lastKnownFileType = sourcecode.cpp.cpp; path = CicmFilterDiffuser.cpp; sourceTree = "<group>"; };
		8F29C6DE17C28C4A0027F5B8 /* CicmFilterDiffuser.h */ = {isa = PBXFileReference; fileEncoding = 4; lastKnownFileType = sourcecode.c.h; path = CicmFilterDiffuser.h; sourceTree = "<group>"; };
		8F29C6DF17C28C4A0027F5B8 /* CicmFilterFir.cpp */ = {isa = PBXFileReference; fileEncoding = 4; lastKnownFileType = sourcecode.cpp.cpp; path = CicmFilterFir.cpp; sourceTree = "<group>"; };
		8F29C6E017C28C4A0027F5B8 /* CicmFilterFir.h */ = {isa = PBXFileReference; fileEncoding = 4; lastKnownFileType = sourcecode.c.h; path = CicmFilterFir.h; sourceTree = "<group>"; };
		8F29C6E117C28C4A0027F5B8 /* CicmFilterFixedDelay.cpp */ = {isa = PBXFileReference; fileEncoding = 4; lastKnownFileType = sourcecode.cpp.cpp; path = CicmFilterFixedDelay.cpp; sourceTree = "<group>"; };
		8F29C6E217C28C4A0027F5B8 /* CicmFilterFixedDelay.h */ = {isa = PBXFileReference; fileEncoding = 4; lastKnownFileType = sourcecode.c.h; path = CicmFilterFixedDelay.h; sourceTree = "<group>"; };
		8F29C6E317C28C4A0027F5B8 /* CicmFilterOnePole.cpp */ = {isa = PBXFileReference; fileEncoding = 4; lastKnownFileType = sourcecode.cpp.cpp; path = CicmFilterOnePole.cpp; sourceTree = "<group>"; };
		8F29C6E417C28C4A0027F5B8 /* CicmFilterOnePole.h */ = {isa = PBXFileReference; fileEncoding = 4; lastKnownFileType = sourcecode.c.h; path = CicmFilterOnePole.h; sourceTree = "<group>"; };
		8F29C6E517C28C4A0027F5B8 /* CicmOnePole.cpp */ = {isa = PBXFileReference; fileEncoding = 4; lastKnownFileType = sourcecode.cpp.cpp; path = CicmOnePole.cpp; sourceTree = "<group>"; };
		8F29C6E617C28C4A0027F5B8 /* CicmOnePole.h */ = {isa = PBXFileReference; fileEncoding = 4; lastKnownFileType = sourcecode.c.h; path = CicmOnePole.h; sourceTree = "<group>"; };
		8F29C6E817C28C4A0027F5B8 /* CicmQSGS.cpp */ = {isa = PBXFileReference; fileEncoding = 4; lastKnownFileType = sourcecode.cpp.cpp; path = CicmQSGS.cpp; sourceTree = "<group>"; };
		8F29C6E917C28C4A0027F5B8 /* CicmQSGS.h */ = {isa = PBXFileReference; fileEncoding = 4; lastKnownFileType = sourcecode.c.h; path = CicmQSGS.h; sourceTree = "<group>"; };
		8F29C6EA17C28C4A0027F5B8 /* CicmLibrary.h */ = {isa = PBXFileReference; fileEncoding = 4; lastKnownFileType = sourcecode.c.h; path = CicmLibrary.h; sourceTree = "<group>"; };
		8F29C6EC17C28C4A0027F5B8 /* CicmLine.cpp */ = {isa = PBXFileReference; fileEncoding = 4; lastKnownFileType = sourcecode.cpp.cpp; path = CicmLine.cpp; sourceTree = "<group>"; };
		8F29C6ED17C28C4A0027F5B8 /* CicmLine.h */ = {isa = PBXFileReference; fileEncoding = 4; lastKnownFileType = sourcecode.c.h; path = CicmLine.h; sourceTree = "<group>"; };
		8F29C6EF17C28C4A0027F5B8 /* CicmFreeverb.cpp */ = {isa = PBXFileReference; fileEncoding = 4; lastKnownFileType = sourcecode.cpp.cpp; path = CicmFreeverb.cpp; sourceTree = "<group>"; };
		8F29C6F017C28C4A0027F5B8 /* CicmFreeverb.h */ = {isa = PBXFileReference; fileEncoding = 4; lastKnownFileType = sourcecode.c.h; path = CicmFreeverb.h; sourceTree = "<group>"; };
		8F29C6F117C28C4A0027F5B8 /* CicmTuning.h */ = {isa = PBXFileReference; fileEncoding = 4; lastKnownFileType = sourcecode.c.h; path = CicmTuning.h; sourceTree = "<group>"; };
		8F29C6F217C28C4A0027F5B8 /* CicmSignal.h */ = {isa = PBXFileReference; fileEncoding = 4; lastKnownFileType = sourcecode.c.h; path = CicmSignal.h; sourceTree = "<group>"; };
		8F29C6F317C28C4A0027F5B8 /* CicmTools.h */ = {isa = PBXFileReference; fileEncoding = 4; lastKnownFileType = sourcecode.c.h; path = CicmTools.h; sourceTree = "<group>"; };
		8F29C6F517C28C4A0027F5B8 /* Ambisonic3D.cpp */ = {isa = PBXFileReference; fileEncoding = 4; lastKnownFileType = sourcecode.cpp.cpp; path = Ambisonic3D.cpp; sourceTree = "<group>"; };
		8F29C6F617C28C4A0027F5B8 /* Ambisonic3D.h */ = {isa = PBXFileReference; fileEncoding = 4; lastKnownFileType = sourcecode.c.h; path = Ambisonic3D.h; sourceTree = "<group>"; };
		8F29C6F717C28C4A0027F5B8 /* Ambisonics.cpp */ = {isa = PBXFileReference; fileEncoding = 4; lastKnownFileType = sourcecode.cpp.cpp; path = Ambisonics.cpp; sourceTree = "<group>"; };
		8F29C6F817C28C4A0027F5B8 /* Ambisonics.h */ = {isa = PBXFileReference; fileEncoding = 4; lastKnownFileType = sourcecode.c.h; path = Ambisonics.h; sourceTree = "<group>"; };
		8F29C6F917C28C4A0027F5B8 /* AmbisonicsDiffuser.cpp */ = {isa = PBXFileReference; fileEncoding = 4; lastKnownFileType = sourcecode.cpp.cpp; path = AmbisonicsDiffuser.cpp; sourceTree = "<group>"; };
		8F29C6FA17C28C4A0027F5B8 /* AmbisonicsDiffuser.h */ = {isa = PBXFileReference; fileEncoding = 4; lastKnownFileType = sourcecode.c.h; path = AmbisonicsDiffuser.h; sourceTree = "<group>"; };
		8F29C6FB17C28C4A0027F5B8 /* AmbisonicsViewer.cpp */ = {isa = PBXFileReference; fileEncoding = 4; lastKnownFileType = sourcecode.cpp.cpp; path = AmbisonicsViewer.cpp; sourceTree = "<group>"; };
		8F29C6FC17C28C4A0027F5B8 /* AmbisonicsViewer.h */ = {isa = PBXFileReference; fileEncoding = 4; lastKnownFileType = sourcecode.c.h; path = AmbisonicsViewer.h; sourceTree = "<group>"; };
		8F29C6FD17C28C4A0027F5B8 /* Planewaves.cpp */ = {isa = PBXFileReference; fileEncoding = 4; lastKnownFileType = sourcecode.cpp.cpp; path = Planewaves.cpp; sourceTree = "<group>"; };
		8F29C6FE17C28C4A0027F5B8 /* Planewaves.h */ = {isa = PBXFileReference; fileEncoding = 4; lastKnownFileType = sourcecode.c.h; path = Planewaves.h; sourceTree = "<group>"; };
		8F29C70017C28C4A0027F5B8 /* AmbisonicsBinaural.cpp */ = {isa = PBXFileReference; fileEncoding = 4; lastKnownFileType = sourcecode.cpp.cpp; path = AmbisonicsBinaural.cpp; sourceTree = "<group>"; };
		8F29C70117C28C4A0027F5B8 /* AmbisonicsBinaural.h */ = {isa = PBXFileReference; fileEncoding = 4; lastKnownFileType = sourcecode.c.h; path = AmbisonicsBinaural.h; sourceTree = "<group>"; };
		8F29C70317C28C4A0027F5B8 /* BoidsManager.cpp */ = {isa = PBXFileReference; fileEncoding = 4; lastKnownFileType = sourcecode.cpp.cpp; path = BoidsManager.cpp; sourceTree = "<group>"; };
		8F29C70417C28C4A0027F5B8 /* BoidsManager.h */ = {isa = PBXFileReference; fileEncoding = 4; lastKnownFileType = sourcecode.c.h; path = BoidsManager.h; sourceTree = "<group>"; };
		8F29C70617C28C4A0027F5B8 /* AmbisonicConvolver.cpp */ = {isa = PBXFileReference; fileEncoding = 4; lastKnownFileType = sourcecode.cpp.cpp; path = AmbisonicConvolver.cpp; sourceTree = "<group>"; };
		8F29C70717C28C4A0027F5B8 /* AmbisonicConvolver.h */ = {isa = PBXFileReference; fileEncoding = 4; lastKnownFileType = sourcecode.c.h; path = AmbisonicConvolver.h; sourceTree = "<group>"; };
		8F29C70917C28C4A0027F5B8 /* AmbisonicDecoder3D.cpp */ = {isa = PBXFileReference; fileEncoding = 4; lastKnownFileType = sourcecode.cpp.cpp; path = AmbisonicDecoder3D.cpp; sourceTree = "<group>"; };
		8F29C70A17C28C4A0027F5B8 /* AmbisonicDecoder3D.h */ = {isa = PBXFileReference; fileEncoding = 4; lastKnownFileType = sourcecode.c.h; path = AmbisonicDecoder3D.h; sourceTree = "<group>"; };
		8F29C70B17C28C4A0027F5B8 /* AmbisonicsDecoder.cpp */ = {isa = PBXFileReference; fileEncoding = 4; lastKnownFileType = sourcecode.cpp.cpp; path = AmbisonicsDecoder.cpp; sourceTree = "<group>"; };
		8F29C70C17C28C4A0027F5B8 /* AmbisonicsDecoder.h */ = {isa = PBXFileReference; fileEncoding = 4; lastKnownFileType = sourcecode.c.h; path = AmbisonicsDecoder.h; sourceTree = "<group>"; };
		8F29C70E17C28C4A0027F5B8 /* AmbisonicsDelay.cpp */ = {isa = PBXFileReference; fileEncoding = 4; lastKnownFileType = sourcecode.cpp.cpp; path = AmbisonicsDelay.cpp; sourceTree = "<group>"; };
		8F29C70F17C28C4A0027F5B8 /* AmbisonicsDelay.h */ = {isa = PBXFileReference; fileEncoding = 4; lastKnownFileType = sourcecode.c.h; path = AmbisonicsDelay.h; sourceTree = "<group>"; };
		8F29C71117C28C4A0027F5B8 /* AmbisonicEncoder.cpp */ = {isa = PBXFileReference; fileEncoding = 4; lastKnownFileType = sourcecode.cpp.cpp; path = AmbisonicEncoder.cpp; sourceTree = "<group>"; };
		8F29C71217C28C4A0027F5B8 /* AmbisonicEncoder.h */ = {isa = PBXFileReference; fileEncoding = 4; lastKnownFileType = sourcecode.c.h; path = AmbisonicEncoder.h; sourceTree = "<group>"; };
		8F29C71317C28C4A0027F5B8 /* AmbisonicEncoder3D.cpp */ = {isa = PBXFileReference; fileEncoding = 4; lastKnownFileType = sourcecode.cpp.cpp; path = AmbisonicEncoder3D.cpp; sourceTree = "<group>"; };
		8F29C71417C28C4A0027F5B8 /* AmbisonicEncoder3D.h */ = {isa = PBXFileReference; fileEncoding = 4; lastKnownFileType = sourcecode.c.h; path = AmbisonicEncoder3D.h; sourceTree = "<group>"; };
		8F29C71617C28C4A0027F5B8 /* AmbisonicsFilter.cpp */ = {isa = PBXFileReference; fileEncoding = 4; lastKnownFileType = sourcecode.cpp.cpp; path = AmbisonicsFilter.cpp; sourceTree = "<group>"; };
		8F29C71717C28C4A0027F5B8 /* AmbisonicsFilter.h */ = {isa = PBXFileReference; fileEncoding = 4; lastKnownFileType = sourcecode.c.h; path = AmbisonicsFilter.h; sourceTree = "<group>"; };
		8F29C71917C28C4A0027F5B8 /* AmbisonicsFreeverb.cpp */ = {isa = PBXFileReference; fileEncoding = 4; lastKnownFileType = sourcecode.cpp.cpp; path = AmbisonicsFreeverb.cpp; sourceTree = "<group>"; };
		8F29C71A17C28C4A0027F5B8 /* AmbisonicsFreeverb.h */ = {isa = PBXFileReference; fileEncoding = 4; lastKnownFileType = sourcecode.c.h; path = AmbisonicsFreeverb.h; sourceTree = "<group>"; };
		8F29C71C17C28C4A0027F5B8 /* AmbisonicsGalaxy.cpp */ = {isa = PBXFileReference; fileEncoding = 4; lastKnownFileType = sourcecode.cpp.cpp; path = AmbisonicsGalaxy.cpp; sourceTree = "<group>"; };
		8F29C71D17C28C4A0027F5B8 /* AmbisonicsGalaxy.h */ = {isa = PBXFileReference; fileEncoding = 4; lastKnownFileType = sourcecode.c.h; path = AmbisonicsGalaxy.h; sourceTree = "<group>"; };
		8F29C71E17C28C4A0027F5B8 /* AmbisonicsPlanetarySystem.h */ = {isa = PBXFileReference; fileEncoding = 4; lastKnownFileType = sourcecode.c.h; path = AmbisonicsPlanetarySystem.h; sourceTree = "<group>"; };
		8F29C71F17C28C4A0027F5B8 /* AmbisonicsPlanetarySystemGlobal.cpp */ = {isa = PBXFileReference; fileEncoding = 4; lastKnownFileType = sourcecode.cpp.cpp; path = AmbisonicsPlanetarySystemGlobal.cpp; sourceTree = "<group>"; };
		8F29C72017C28C4A0027F5B8 /* AmbisonicsPlanetarySystemSatellites.cpp */ = {isa = PBXFileReference; fileEncoding = 4; lastKnownFileType = sourcecode.cpp.cpp; path = AmbisonicsPlanetarySystemSatellites.cpp; sourceTree = "<group>"; };
		8F29C72117C28C4A0027F5B8 /* AmbisonicsPlanetarySystemSun.cpp */ = {isa = PBXFileReference; fileEncoding = 4; lastKnownFileType = sourcecode.cpp.cpp; path = AmbisonicsPlanetarySystemSun.cpp; sourceTree = "<group>"; };
		8F29C72217C28C4A0027F5B8 /* AmbisonicsSatellite.cpp */ = {isa = PBXFileReference; fileEncoding = 4; lastKnownFileType = sourcecode.cpp.cpp; path = AmbisonicsSatellite.cpp; sourceTree = "<group>"; };
		8F29C72317C28C4A0027F5B8 /* AmbisonicsSatellite.h */ = {isa = PBXFileReference; fileEncoding = 4; lastKnownFileType = sourcecode.c.h; path = AmbisonicsSatellite.h; sourceTree = "<group>"; };
		8F29C72417C28C4A0027F5B8 /* AmbisonicsStar.cpp */ = {isa = PBXFileReference; fileEncoding = 4; lastKnownFileType = sourcecode.cpp.cpp; path = AmbisonicsStar.cpp; sourceTree = "<group>"; };
		8F29C72517C28C4A0027F5B8 /* AmbisonicsStar.h */ = {isa = PBXFileReference; fileEncoding = 4; lastKnownFileType = sourcecode.c.h; path = AmbisonicsStar.h; sourceTree = "<group>"; };
		8F29C72617C28C4A0027F5B8 /* AmbisonicsSun.cpp */ = {isa = PBXFileReference; fileEncoding = 4; lastKnownFileType = sourcecode.cpp.cpp; path = AmbisonicsSun.cpp; sourceTree = "<group>"; };
		8F29C72717C28C4A0027F5B8 /* AmbisonicsSun.h */ = {isa = PBXFileReference; fileEncoding = 4; lastKnownFileType = sourcecode.c.h; path = AmbisonicsSun.h; sourceTree = "<group>"; };
		8F29C72917C28C4A0027F5B8 /* AmbisonicsGrain.cpp */ = {isa = PBXFileReference; fileEncoding = 4; lastKnownFileType = sourcecode.cpp.cpp; path = AmbisonicsGrain.cpp; sourceTree = "<group>"; };
		8F29C72A17C28C4A0027F5B8 /* AmbisonicsGrain.h */ = {isa = PBXFileReference; fileEncoding = 4; lastKnownFileType = sourcecode.c.h; path = AmbisonicsGrain.h; sourceTree = "<group>"; };
		8F29C72B17C28C4A0027F5B8 /* HoaLibrary.h */ = {isa = PBXFileReference; fileEncoding = 4; lastKnownFileType = sourcecode.c.h; path = HoaLibrary.h; sourceTree = "<group>"; };
		8F29C72D17C28C4A0027F5B8 /* AmbisonicMap.cpp */ = {isa = PBXFileReference; fileEncoding = 4; lastKnownFileType = sourcecode.cpp.cpp; path = AmbisonicMap.cpp; sourceTree = "<group>"; };
		8F29C72E17C28C4A0027F5B8 /* AmbisonicMap.h */ = {isa = PBXFileReference; fileEncoding = 4; lastKnownFileType = sourcecode.c.h; path = AmbisonicMap.h; sourceTree = "<group>"; };
		8F29C72F17C28C4A0027F5B8 /* AmbisonicMultiMaps.cpp */ = {isa = PBXFileReference; fileEncoding = 4; lastKnownFileType = sourcecode.cpp.cpp; path = AmbisonicMultiMaps.cpp; sourceTree = "<group>"; };
		8F29C73017C28C4A0027F5B8 /* AmbisonicMultiMaps.h */ = {isa = PBXFileReference; fileEncoding = 4; lastKnownFileType = sourcecode.c.h; path = AmbisonicMultiMaps.h; sourceTree = "<group>"; };
		8F29C73117C28C4A0027F5B8 /* AmbisonicSource.cpp */ = {isa = PBXFileReference; fileEncoding = 4; lastKnownFileType = sourcecode.cpp.cpp; path = AmbisonicSource.cpp; sourceTree = "<group>"; };
		8F29C73217C28C4A0027F5B8 /* AmbisonicSource.h */ = {isa = PBXFileReference; fileEncoding = 4; lastKnownFileType = sourcecode.c.h; path = AmbisonicSource.h; sourceTree = "<group>"; };
		8F29C73317C28C4A0027F5B8 /* AmbisonicSourcesGroup.cpp */ = {isa = PBXFileReference; fileEncoding = 4; lastKnownFileType = sourcecode.cpp.cpp; path = AmbisonicSourcesGroup.cpp; sourceTree = "<group>"; };
		8F29C73417C28C4A0027F5B8 /* AmbisonicSourcesGroup.h */ = {isa = PBXFileReference; fileEncoding = 4; lastKnownFileType = sourcecode.c.h; path = AmbisonicSourcesGroup.h; sourceTree = "<group>"; };
		8F29C73517C28C4A0027F5B8 /* AmbisonicSourcesManager.cpp */ = {isa = PBXFileReference; fileEncoding = 4; lastKnownFileType = sourcecode.cpp.cpp; path = AmbisonicSourcesManager.cpp; sourceTree = "<group>"; };
		8F29C73617C28C4A0027F5B8 /* AmbisonicSourcesManager.h */ = {isa = PBXFileReference; fileEncoding = 4; lastKnownFileType = sourcecode.c.h; path = AmbisonicSourcesManager.h; sourceTree = "<group>"; };
		8F29C73717C28C4A0027F5B8 /* AmbisonicSourcesPreset.cpp */ = {isa = PBXFileReference; fileEncoding = 4; lastKnownFileType = sourcecode.cpp.cpp; path = AmbisonicSourcesPreset.cpp; sourceTree = "<group>"; };
		8F29C73817C28C4A0027F5B8 /* AmbisonicSourcesPreset.h */ = {isa = PBXFileReference; fileEncoding = 4; lastKnownFileType = sourcecode.c.h; path = AmbisonicSourcesPreset.h; sourceTree = "<group>"; };
		8F29C73917C28C4A0027F5B8 /* AmbisonicSourcesTrajectory.cpp */ = {isa = PBXFileReference; fileEncoding = 4; lastKnownFileType = sourcecode.cpp.cpp; path = AmbisonicSourcesTrajectory.cpp; sourceTree = "<group>"; };
		8F29C73A17C28C4A0027F5B8 /* AmbisonicSourcesTrajectory.h */ = {isa = PBXFileReference; fileEncoding = 4; lastKnownFileType = sourcecode.c.h; path = AmbisonicSourcesTrajectory.h; sourceTree = "<group>"; };
		8F29C73C17C28C4A0027F5B8 /* AmbisonicsMeter.cpp */ = {isa = PBXFileReference; fileEncoding = 4; lastKnownFileType = sourcecode.cpp.cpp; path = AmbisonicsMeter.cpp; sourceTree = "<group>"; };
		8F29C73D17C28C4A0027F5B8 /* AmbisonicsMeter.h */ = {isa = PBXFileReference; fileEncoding = 4; lastKnownFileType = sourcecode.c.h; path = AmbisonicsMeter.h; sourceTree = "<group>"; };
		8F29C73F17C28C4A0027F5B8 /* AmbisonicsMultiDecoder.cpp */ = {isa = PBXFileReference; fileEncoding = 4; lastKnownFileType = sourcecode.cpp.cpp; path = AmbisonicsMultiDecoder.cpp; sourceTree = "<group>"; };
		8F29C74017C28C4A0027F5B8 /* AmbisonicsMultiDecoder.h */ = {isa = PBXFileReference; fileEncoding = 4; lastKnownFileType = sourcecode.c.h; path = AmbisonicsMultiDecoder.h; sourceTree = "<group>"; };
		8F29C74217C28C4A0027F5B8 /* AmbisonicOptim.cpp */ = {isa = PBXFileReference; fileEncoding = 4; lastKnownFileType = sourcecode.cpp.cpp; path = AmbisonicOptim.cpp; sourceTree = "<group>"; };
		8F29C74317C28C4A0027F5B8 /* AmbisonicOptim.h */ = {isa = PBXFileReference; fileEncoding = 4; lastKnownFileType = sourcecode.c.h; path = AmbisonicOptim.h; sourceTree = "<group>"; };
		8F29C74517C28C4A0027F5B8 /* AmbisonicsProjector.cpp */ = {isa = PBXFileReference; fileEncoding = 4; lastKnownFileType = sourcecode.cpp.cpp; path = AmbisonicsProjector.cpp; sourceTree = "<group>"; };
		8F29C74617C28C4A0027F5B8 /* AmbisonicsProjector.h */ = {isa = PBXFileReference; fileEncoding = 4; lastKnownFileType = sourcecode.c.h; path = AmbisonicsProjector.h; sourceTree = "<group>"; };
		8F29C74F17C28C4A0027F5B8 /* AmbisonicsRestitution.cpp */ = {isa = PBXFileReference; fileEncoding = 4; lastKnownFileType = sourcecode.cpp.cpp; path = AmbisonicsRestitution.cpp; sourceTree = "<group>"; };
		8F29C75017C28C4A0027F5B8 /* AmbisonicsRestitution.h */ = {isa = PBXFileReference; fileEncoding = 4; lastKnownFileType = sourcecode.c.h; path = AmbisonicsRestitution.h; sourceTree = "<group>"; };
		8F29C75217C28C4A0027F5B8 /* AmbisonicsRingModulation.cpp */ = {isa = PBXFileReference; fileEncoding = 4; lastKnownFileType = sourcecode.cpp.cpp; path = AmbisonicsRingModulation.cpp; sourceTree = "<group>"; };
		8F29C75317C28C4A0027F5B8 /* AmbisonicsRingModulation.h */ = {isa = PBXFileReference; fileEncoding = 4; lastKnownFileType = sourcecode.c.h; path = AmbisonicsRingModulation.h; sourceTree = "<group>"; };
		8F29C75517C28C4A0027F5B8 /* AmbisonicRotate.cpp */ = {isa = PBXFileReference; fileEncoding = 4; lastKnownFileType = sourcecode.cpp.cpp; path = AmbisonicRotate.cpp; sourceTree = "<group>"; };
		8F29C75617C28C4A0027F5B8 /* AmbisonicRotate.h */ = {isa = PBXFileReference; fileEncoding = 4; lastKnownFileType = sourcecode.c.h; path = AmbisonicRotate.h; sourceTree = "<group>"; };
		8F29C75817C28C4A0027F5B8 /* AmbisonicsScope.cpp */ = {isa = PBXFileReference; fileEncoding = 4; lastKnownFileType = sourcecode.cpp.cpp; path = AmbisonicsScope.cpp; sourceTree = "<group>"; };
		8F29C75917C28C4A0027F5B8 /* AmbisonicsScope.h */ = {isa = PBXFileReference; fileEncoding = 4; lastKnownFileType = sourcecode.c.h; path = AmbisonicsScope.h; sourceTree = "<group>"; };
		8F29C75B17C28C4A0027F5B8 /* AmbisonicSpace.cpp */ = {isa = PBXFileReference; fileEncoding = 4; lastKnownFileType = sourcecode.cpp.cpp; path = AmbisonicSpace.cpp; sourceTree = "<group>"; };
		8F29C75C17C28C4A0027F5B8 /* AmbisonicSpace.h */ = {isa = PBXFileReference; fileEncoding = 4; lastKnownFileType = sourcecode.c.h; path = AmbisonicSpace.h; sourceTree = "<group>"; };
		8F29C75E17C28C4A0027F5B8 /* AmbisonicSpectrum.cpp */ = {isa = PBXFileReference; fileEncoding = 4; lastKnownFileType = sourcecode.cpp.cpp; path = AmbisonicSpectrum.cpp; sourceTree = "<group>"; };
		8F29C75F17C28C4A0027F5B8 /* AmbisonicSpectrum.h */ = {isa = PBXFileReference; fileEncoding = 4; lastKnownFileType = sourcecode.c.h; path = AmbisonicSpectrum.h; sourceTree = "<group>"; };
		8F29C76117C28C4A0027F5B8 /* AmbisonicVector.cpp */ = {isa = PBXFileReference; fileEncoding = 4; lastKnownFileType = sourcecode.cpp.cpp; path = AmbisonicVector.cpp; sourceTree = "<group>"; };
		8F29C76217C28C4A0027F5B8 /* AmbisonicVector.h */ = {isa = PBXFileReference; fileEncoding = 4; lastKnownFileType = sourcecode.c.h; path = AmbisonicVector.h; sourceTree = "<group>"; };
		8F29C76417C28C4A0027F5B8 /* AmbisonicWider.cpp */ = {isa = PBXFileReference; fileEncoding = 4; lastKnownFileType = sourcecode.cpp.cpp; path = AmbisonicWider.cpp; sourceTree = "<group>"; };
		8F29C76517C28C4A0027F5B8 /* AmbisonicWider.h */ = {isa = PBXFileReference; fileEncoding = 4; lastKnownFileType = sourcecode.c.h; path = AmbisonicWider.h; sourceTree = "<group>"; };
		8FC9B330175EA3EC0006E4BB /* Accelerate.framework */ = {isa = PBXFileReference; lastKnownFileType = wrapper.framework; name = Accelerate.framework; path = System/Library/Frameworks/Accelerate.framework; sourceTree = SDKROOT; };
/* End PBXFileReference section */

/* Begin PBXFrameworksBuildPhase section */
		2FBBEADC08F335360078DB84 /* Frameworks */ = {
			isa = PBXFrameworksBuildPhase;
			buildActionMask = 2147483647;
			files = (
				8FC9B331175EA3EC0006E4BB /* Accelerate.framework in Frameworks */,
				2CF61A471712D0620062A8EA /* MaxAudioAPI.framework in Frameworks */,
			);
			runOnlyForDeploymentPostprocessing = 0;
		};
/* End PBXFrameworksBuildPhase section */

/* Begin PBXGroup section */
		089C166AFE841209C02AAC07 /* iterator */ = {
			isa = PBXGroup;
			children = (
				2CF61A461712D0620062A8EA /* MaxAudioAPI.framework */,
				8FC9B330175EA3EC0006E4BB /* Accelerate.framework */,
				2C6E3331171047C000BA3BDC /* maxmspsdk.xcconfig */,
				2CA6F05317294FA300957BC2 /* hoa.map~.cpp */,
				8F29C6BC17C28C4A0027F5B8 /* Sources */,
				19C28FB4FE9D528D11CA2CBB /* Products */,
			);
			name = iterator;
			sourceTree = "<group>";
		};
		19C28FB4FE9D528D11CA2CBB /* Products */ = {
			isa = PBXGroup;
			children = (
				2FBBEAE508F335360078DB84 /* hoa.map~.mxo */,
			);
			name = Products;
			sourceTree = "<group>";
		};
		8F29C6BC17C28C4A0027F5B8 /* Sources */ = {
			isa = PBXGroup;
			children = (
				8F29C6BD17C28C4A0027F5B8 /* CicmLibrary */,
				8F29C6F417C28C4A0027F5B8 /* hoaAmbisonics */,
				8F29C6FF17C28C4A0027F5B8 /* hoaBinaural */,
				8F29C70217C28C4A0027F5B8 /* hoaBoids */,
				8F29C70517C28C4A0027F5B8 /* hoaConvolve */,
				8F29C70817C28C4A0027F5B8 /* hoaDecoder */,
				8F29C70D17C28C4A0027F5B8 /* hoaDelay */,
				8F29C71017C28C4A0027F5B8 /* hoaEncoder */,
				8F29C71517C28C4A0027F5B8 /* hoaFilter */,
				8F29C71817C28C4A0027F5B8 /* hoaFreeverb */,
				8F29C71B17C28C4A0027F5B8 /* hoaGalaxy */,
				8F29C72817C28C4A0027F5B8 /* hoaGrain */,
				8F29C72B17C28C4A0027F5B8 /* HoaLibrary.h */,
				8F29C72C17C28C4A0027F5B8 /* hoaMap */,
				8F29C73B17C28C4A0027F5B8 /* hoaMeter */,
				8F29C73E17C28C4A0027F5B8 /* hoaMultiDecoder */,
				8F29C74117C28C4A0027F5B8 /* hoaOptim */,
				8F29C74417C28C4A0027F5B8 /* hoaProjector */,
				8F29C74E17C28C4A0027F5B8 /* hoaRestitution */,
				8F29C75117C28C4A0027F5B8 /* hoaRingModulation */,
				8F29C75417C28C4A0027F5B8 /* hoaRotate */,
				8F29C75717C28C4A0027F5B8 /* hoaScope */,
				8F29C75A17C28C4A0027F5B8 /* hoaSpace */,
				8F29C75D17C28C4A0027F5B8 /* hoaSpectrum */,
				8F29C76017C28C4A0027F5B8 /* hoaVector */,
				8F29C76317C28C4A0027F5B8 /* hoaWider */,
			);
			name = Sources;
			path = ../../Sources;
			sourceTree = "<group>";
		};
		8F29C6BD17C28C4A0027F5B8 /* CicmLibrary */ = {
			isa = PBXGroup;
			children = (
				8F29C6BE17C28C4A0027F5B8 /* CicmAmplitude */,
				8F29C6C117C28C4A0027F5B8 /* CicmDefine_BLAS_FFTW.h */,
				8F29C6C217C28C4A0027F5B8 /* CicmDefine_INTEL.h */,
				8F29C6C317C28C4A0027F5B8 /* CicmDefine_VDSP.h */,
				8F29C6C417C28C4A0027F5B8 /* CicmDelay */,
				8F29C6C717C28C4A0027F5B8 /* CicmEnvelope */,
				8F29C6CA17C28C4A0027F5B8 /* CicmFft */,
				8F29C6CD17C28C4A0027F5B8 /* CicmFilters */,
				8F29C6E717C28C4A0027F5B8 /* CicmGranular */,
				8F29C6EA17C28C4A0027F5B8 /* CicmLibrary.h */,
				8F29C6EB17C28C4A0027F5B8 /* CicmLines */,
				8F29C6EE17C28C4A0027F5B8 /* CicmReverb */,
				8F29C6F217C28C4A0027F5B8 /* CicmSignal.h */,
				8F29C6F317C28C4A0027F5B8 /* CicmTools.h */,
			);
			path = CicmLibrary;
			sourceTree = "<group>";
		};
		8F29C6BE17C28C4A0027F5B8 /* CicmAmplitude */ = {
			isa = PBXGroup;
			children = (
				8F29C6BF17C28C4A0027F5B8 /* CicmRingModulation.cpp */,
				8F29C6C017C28C4A0027F5B8 /* CicmRingModulation.h */,
			);
			path = CicmAmplitude;
			sourceTree = "<group>";
		};
		8F29C6C417C28C4A0027F5B8 /* CicmDelay */ = {
			isa = PBXGroup;
			children = (
				8F29C6C517C28C4A0027F5B8 /* CicmDecorrelation.cpp */,
				8F29C6C617C28C4A0027F5B8 /* CicmDecorrelation.h */,
			);
			path = CicmDelay;
			sourceTree = "<group>";
		};
		8F29C6C717C28C4A0027F5B8 /* CicmEnvelope */ = {
			isa = PBXGroup;
			children = (
				8F29C6C817C28C4A0027F5B8 /* CicmEnvelope.cpp */,
				8F29C6C917C28C4A0027F5B8 /* CicmEnvelope.h */,
			);
			path = CicmEnvelope;
			sourceTree = "<group>";
		};
		8F29C6CA17C28C4A0027F5B8 /* CicmFft */ = {
			isa = PBXGroup;
			children = (
				8F29C6CB17C28C4A0027F5B8 /* CicmFft.cpp */,
				8F29C6CC17C28C4A0027F5B8 /* CicmFft.h */,
			);
			path = CicmFft;
			sourceTree = "<group>";
		};
		8F29C6CD17C28C4A0027F5B8 /* CicmFilters */ = {
			isa = PBXGroup;
			children = (
				8F29C6CE17C28C4A0027F5B8 /* CicmFilter.cpp */,
				8F29C6CF17C28C4A0027F5B8 /* CicmFilter.h */,
				8F29C6D017C28C4A0027F5B8 /* CicmFilterAllpass.cpp */,
				8F29C6D117C28C4A0027F5B8 /* CicmFilterAllpass.h */,
				8F29C6D217C28C4A0027F5B8 /* CicmFilterBiquad.cpp */,
				8F29C6D317C28C4A0027F5B8 /* CicmFilterBiquad.h */,
				8F29C6D417C28C4A0027F5B8 /* CicmFilterComb.cpp */,
				8F29C6D517C28C4A0027F5B8 /* CicmFilterComb.h */,
				8F29C6D617C28C4A0027F5B8 /* CicmFilterConvolution.cpp */,
				8F29C6D717C28C4A0027F5B8 /* CicmFilterConvolution.h */,
				8F29C6D817C28C4A0027F5B8 /* CicmFilterConvolutionZero.cpp */,
				8F29C6D917C28C4A0027F5B8 /* CicmFilterConvolutionZero.h */,
				8F29C6DA17C28C4A0027F5B8 /* CicmFilterDamper.h */,
				8F29C6DB17C28C4A0027F5B8 /* CicmFilterDelay.cpp */,
				8F29C6DC17C28C4A0027F5B8 /* CicmFilterDelay.h */,
				8F29C6DD17C28C4A0027F5B8 /* CicmFilterDiffuser.cpp */,
				8F29C6DE17C28C4A0027F5B8 /* CicmFilterDiffuser.h */,
				8F29C6DF17C28C4A0027F5B8 /* CicmFilterFir.cpp */,
				8F29C6E017C28C4A0027F5B8 /* CicmFilterFir.h */,
				8F29C6E117C28C4A0027F5B8 /* CicmFilterFixedDelay.cpp */,
				8F29C6E217C28C4A0027F5B8 /* CicmFilterFixedDelay.h */,
				8F29C6E317C28C4A0027F5B8 /* CicmFilterOnePole.cpp */,
				8F29C6E417C28C4A0027F5B8 /* CicmFilterOnePole.h */,
				8F29C6E517C28C4A0027F5B8 /* CicmOnePole.cpp */,
				8F29C6E617C28C4A0027F5B8 /* CicmOnePole.h */,
			);
			path = CicmFilters;
			sourceTree = "<group>";
		};
		8F29C6E717C28C4A0027F5B8 /* CicmGranular */ = {
			isa = PBXGroup;
			children = (
				8F29C6E817C28C4A0027F5B8 /* CicmQSGS.cpp */,
				8F29C6E917C28C4A0027F5B8 /* CicmQSGS.h */,
			);
			path = CicmGranular;
			sourceTree = "<group>";
		};
		8F29C6EB17C28C4A0027F5B8 /* CicmLines */ = {
			isa = PBXGroup;
			children = (
				8F29C6EC17C28C4A0027F5B8 /* CicmLine.cpp */,
				8F29C6ED17C28C4A0027F5B8 /* CicmLine.h */,
			);
			path = CicmLines;
			sourceTree = "<group>";
		};
		8F29C6EE17C28C4A0027F5B8 /* CicmReverb */ = {
			isa = PBXGroup;
			children = (
				8F29C6EF17C28C4A0027F5B8 /* CicmFreeverb.cpp */,
				8F29C6F017C28C4A0027F5B8 /* CicmFreeverb.h */,
				8F29C6F117C28C4A0027F5B8 /* CicmTuning.h */,
			);
			path = CicmReverb;
			sourceTree = "<group>";
		};
		8F29C6F417C28C4A0027F5B8 /* hoaAmbisonics */ = {
			isa = PBXGroup;
			children = (
				8F29C6F517C28C4A0027F5B8 /* Ambisonic3D.cpp */,
				8F29C6F617C28C4A0027F5B8 /* Ambisonic3D.h */,
				8F29C6F717C28C4A0027F5B8 /* Ambisonics.cpp */,
				8F29C6F817C28C4A0027F5B8 /* Ambisonics.h */,
				8F29C6F917C28C4A0027F5B8 /* AmbisonicsDiffuser.cpp */,
				8F29C6FA17C28C4A0027F5B8 /* AmbisonicsDiffuser.h */,
				8F29C6FB17C28C4A0027F5B8 /* AmbisonicsViewer.cpp */,
				8F29C6FC17C28C4A0027F5B8 /* AmbisonicsViewer.h */,
				8F29C6FD17C28C4A0027F5B8 /* Planewaves.cpp */,
				8F29C6FE17C28C4A0027F5B8 /* Planewaves.h */,
			);
			path = hoaAmbisonics;
			sourceTree = "<group>";
		};
		8F29C6FF17C28C4A0027F5B8 /* hoaBinaural */ = {
			isa = PBXGroup;
			children = (
				8F29C70017C28C4A0027F5B8 /* AmbisonicsBinaural.cpp */,
				8F29C70117C28C4A0027F5B8 /* AmbisonicsBinaural.h */,
			);
			path = hoaBinaural;
			sourceTree = "<group>";
		};
		8F29C70217C28C4A0027F5B8 /* hoaBoids */ = {
			isa = PBXGroup;
			children = (
				8F29C70317C28C4A0027F5B8 /* BoidsManager.cpp */,
				8F29C70417C28C4A0027F5B8 /* BoidsManager.h */,
			);
			path = hoaBoids;
			sourceTree = "<group>";
		};
		8F29C70517C28C4A0027F5B8 /* hoaConvolve */ = {
			isa = PBXGroup;
			children = (
				8F29C70617C28C4A0027F5B8 /* AmbisonicConvolver.cpp */,
				8F29C70717C28C4A0027F5B8 /* AmbisonicConvolver.h */,
			);
			path = hoaConvolve;
			sourceTree = "<group>";
		};
		8F29C70817C28C4A0027F5B8 /* hoaDecoder */ = {
			isa = PBXGroup;
			children = (
				8F29C70917C28C4A0027F5B8 /* AmbisonicDecoder3D.cpp */,
				8F29C70A17C28C4A0027F5B8 /* AmbisonicDecoder3D.h */,
				8F29C70B17C28C4A0027F5B8 /* AmbisonicsDecoder.cpp */,
				8F29C70C17C28C4A0027F5B8 /* AmbisonicsDecoder.h */,
			);
			path = hoaDecoder;
			sourceTree = "<group>";
		};
		8F29C70D17C28C4A0027F5B8 /* hoaDelay */ = {
			isa = PBXGroup;
			children = (
				8F29C70E17C28C4A0027F5B8 /* AmbisonicsDelay.cpp */,
				8F29C70F17C28C4A0027F5B8 /* AmbisonicsDelay.h */,
			);
			path = hoaDelay;
			sourceTree = "<group>";
		};
		8F29C71017C28C4A0027F5B8 /* hoaEncoder */ = {
			isa = PBXGroup;
			children = (
				8F29C71117C28C4A0027F5B8 /* AmbisonicEncoder.cpp */,
				8F29C71217C28C4A0027F5B8 /* AmbisonicEncoder.h */,
				8F29C71317C28C4A0027F5B8 /* AmbisonicEncoder3D.cpp */,
				8F29C71417C28C4A0027F5B8 /* AmbisonicEncoder3D.h */,
			);
			path = hoaEncoder;
			sourceTree = "<group>";
		};
		8F29C71517C28C4A0027F5B8 /* hoaFilter */ = {
			isa = PBXGroup;
			children = (
				8F29C71617C28C4A0027F5B8 /* AmbisonicsFilter.cpp */,
				8F29C71717C28C4A0027F5B8 /* AmbisonicsFilter.h */,
			);
			path = hoaFilter;
			sourceTree = "<group>";
		};
		8F29C71817C28C4A0027F5B8 /* hoaFreeverb */ = {
			isa = PBXGroup;
			children = (
				8F29C71917C28C4A0027F5B8 /* AmbisonicsFreeverb.cpp */,
				8F29C71A17C28C4A0027F5B8 /* AmbisonicsFreeverb.h */,
			);
			path = hoaFreeverb;
			sourceTree = "<group>";
		};
		8F29C71B17C28C4A0027F5B8 /* hoaGalaxy */ = {
			isa = PBXGroup;
			children = (
				8F29C71C17C28C4A0027F5B8 /* AmbisonicsGalaxy.cpp */,
				8F29C71D17C28C4A0027F5B8 /* AmbisonicsGalaxy.h */,
				8F29C71E17C28C4A0027F5B8 /* AmbisonicsPlanetarySystem.h */,
				8F29C71F17C28C4A0027F5B8 /* AmbisonicsPlanetarySystemGlobal.cpp */,
				8F29C72017C28C4A0027F5B8 /* AmbisonicsPlanetarySystemSatellites.cpp */,
				8F29C72117C28C4A0027F5B8 /* AmbisonicsPlanetarySystemSun.cpp */,
				8F29C72217C28C4A0027F5B8 /* AmbisonicsSatellite.cpp */,
				8F29C72317C28C4A0027F5B8 /* AmbisonicsSatellite.h */,
				8F29C72417C28C4A0027F5B8 /* AmbisonicsStar.cpp */,
				8F29C72517C28C4A0027F5B8 /* AmbisonicsStar.h */,
				8F29C72617C28C4A0027F5B8 /* AmbisonicsSun.cpp */,
				8F29C72717C28C4A0027F5B8 /* AmbisonicsSun.h */,
			);
			path = hoaGalaxy;
			sourceTree = "<group>";
		};
		8F29C72817C28C4A0027F5B8 /* hoaGrain */ = {
			isa = PBXGroup;
			children = (
				8F29C72917C28C4A0027F5B8 /* AmbisonicsGrain.cpp */,
				8F29C72A17C28C4A0027F5B8 /* AmbisonicsGrain.h */,
			);
			path = hoaGrain;
			sourceTree = "<group>";
		};
		8F29C72C17C28C4A0027F5B8 /* hoaMap */ = {
			isa = PBXGroup;
			children = (
				8F29C72D17C28C4A0027F5B8 /* AmbisonicMap.cpp */,
				8F29C72E17C28C4A0027F5B8 /* AmbisonicMap.h */,
				8F29C72F17C28C4A0027F5B8 /* AmbisonicMultiMaps.cpp */,
				8F29C73017C28C4A0027F5B8 /* AmbisonicMultiMaps.h */,
				8F29C73117C28C4A0027F5B8 /* AmbisonicSource.cpp */,
				8F29C73217C28C4A0027F5B8 /* AmbisonicSource.h */,
				8F29C73317C28C4A0027F5B8 /* AmbisonicSourcesGroup.cpp */,
				8F29C73417C28C4A0027F5B8 /* AmbisonicSourcesGroup.h */,
				8F29C73517C28C4A0027F5B8 /* AmbisonicSourcesManager.cpp */,
				8F29C73617C28C4A0027F5B8 /* AmbisonicSourcesManager.h */,
				8F29C73717C28C4A0027F5B8 /* AmbisonicSourcesPreset.cpp */,
				8F29C73817C28C4A0027F5B8 /* AmbisonicSourcesPreset.h */,
				8F29C73917C28C4A0027F5B8 /* AmbisonicSourcesTrajectory.cpp */,
				8F29C73A17C28C4A0027F5B8 /* AmbisonicSourcesTrajectory.h */,
			);
			path = hoaMap;
			sourceTree = "<group>";
		};
		8F29C73B17C28C4A0027F5B8 /* hoaMeter */ = {
			isa = PBXGroup;
			children = (
				8F29C73C17C28C4A0027F5B8 /* AmbisonicsMeter.cpp */,
				8F29C73D17C28C4A0027F5B8 /* AmbisonicsMeter.h */,
			);
			path = hoaMeter;
			sourceTree = "<group>";
		};
		8F29C73E17C28C4A0027F5B8 /* hoaMultiDecoder */ = {
			isa = PBXGroup;
			children = (
				8F29C73F17C28C4A0027F5B8 /* AmbisonicsMultiDecoder.cpp */,
				8F29C74017C28C4A0027F5B8 /* AmbisonicsMultiDecoder.h */,
			);
			path = hoaMultiDecoder;
			sourceTree = "<group>";
		};
		8F29C74117C28C4A0027F5B8 /* hoaOptim */ = {
			isa = PBXGroup;
			children = (
				8F29C74217C28C4A0027F5B8 /* AmbisonicOptim.cpp */,
				8F29C74317C28C4A0027F5B8 /* AmbisonicOptim.h */,
			);
			path = hoaOptim;
			sourceTree = "<group>";
		};
		8F29C74417C28C4A0027F5B8 /* hoaProjector */ = {
			isa = PBXGroup;
			children = (
				8F29C74517C28C4A0027F5B8 /* AmbisonicsProjector.cpp */,
				8F29C74617C28C4A0027F5B8 /* AmbisonicsProjector.h */,
			);
			path = hoaProjector;
			sourceTree = "<group>";
		};
		8F29C74E17C28C4A0027F5B8 /* hoaRestitution */ = {
			isa = PBXGroup;
			children = (
				8F29C74F17C28C4A0027F5B8 /* AmbisonicsRestitution.cpp */,
				8F29C75017C28C4A0027F5B8 /* AmbisonicsRestitution.h */,
			);
			path = hoaRestitution;
			sourceTree = "<group>";
		};
		8F29C75117C28C4A0027F5B8 /* hoaRingModulation */ = {
			isa = PBXGroup;
			children = (
				8F29C75217C28C4A0027F5B8 /* AmbisonicsRingModulation.cpp */,
				8F29C75317C28C4A0027F5B8 /* AmbisonicsRingModulation.h */,
			);
			path = hoaRingModulation;
			sourceTree = "<group>";
		};
		8F29C75417C28C4A0027F5B8 /* hoaRotate */ = {
			isa = PBXGroup;
			children = (
				8F29C75517C28C4A0027F5B8 /* AmbisonicRotate.cpp */,
				8F29C75617C28C4A0027F5B8 /* AmbisonicRotate.h */,
			);
			path = hoaRotate;
			sourceTree = "<group>";
		};
		8F29C75717C28C4A0027F5B8 /* hoaScope */ = {
			isa = PBXGroup;
			children = (
				8F29C75817C28C4A0027F5B8 /* AmbisonicsScope.cpp */,
				8F29C75917C28C4A0027F5B8 /* AmbisonicsScope.h */,
			);
			path = hoaScope;
			sourceTree = "<group>";
		};
		8F29C75A17C28C4A0027F5B8 /* hoaSpace */ = {
			isa = PBXGroup;
			children = (
				8F29C75B17C28C4A0027F5B8 /* AmbisonicSpace.cpp */,
				8F29C75C17C28C4A0027F5B8 /* AmbisonicSpace.h */,
			);
			path = hoaSpace;
			sourceTree = "<group>";
		};
		8F29C75D17C28C4A0027F5B8 /* hoaSpectrum */ = {
			isa = PBXGroup;
			children = (
				8F29C75E17C28C4A0027F5B8 /* AmbisonicSpectrum.cpp */,
				8F29C75F17C28C4A0027F5B8 /* AmbisonicSpectrum.h */,
			);
			path = hoaSpectrum;
			sourceTree = "<group>";
		};
		8F29C76017C28C4A0027F5B8 /* hoaVector */ = {
			isa = PBXGroup;
			children = (
				8F29C76117C28C4A0027F5B8 /* AmbisonicVector.cpp */,
				8F29C76217C28C4A0027F5B8 /* AmbisonicVector.h */,
			);
			path = hoaVector;
			sourceTree = "<group>";
		};
		8F29C76317C28C4A0027F5B8 /* hoaWider */ = {
			isa = PBXGroup;
			children = (
				8F29C76417C28C4A0027F5B8 /* AmbisonicWider.cpp */,
				8F29C76517C28C4A0027F5B8 /* AmbisonicWider.h */,
			);
			path = hoaWider;
			sourceTree = "<group>";
		};
/* End PBXGroup section */

/* Begin PBXHeadersBuildPhase section */
		2FBBEAD708F335360078DB84 /* Headers */ = {
			isa = PBXHeadersBuildPhase;
			buildActionMask = 2147483647;
			files = (
				8F29C76717C28C4A0027F5B8 /* CicmRingModulation.h in Headers */,
				8F29C76817C28C4A0027F5B8 /* CicmDefine_BLAS_FFTW.h in Headers */,
				8F29C76917C28C4A0027F5B8 /* CicmDefine_INTEL.h in Headers */,
				8F29C76A17C28C4A0027F5B8 /* CicmDefine_VDSP.h in Headers */,
				8F29C76C17C28C4A0027F5B8 /* CicmDecorrelation.h in Headers */,
				8F29C76E17C28C4A0027F5B8 /* CicmEnvelope.h in Headers */,
				8F29C77017C28C4A0027F5B8 /* CicmFft.h in Headers */,
				8F29C77217C28C4A0027F5B8 /* CicmFilter.h in Headers */,
				8F29C77417C28C4A0027F5B8 /* CicmFilterAllpass.h in Headers */,
				8F29C77617C28C4A0027F5B8 /* CicmFilterBiquad.h in Headers */,
				8F29C77817C28C4A0027F5B8 /* CicmFilterComb.h in Headers */,
				8F29C77A17C28C4A0027F5B8 /* CicmFilterConvolution.h in Headers */,
				8F29C77C17C28C4A0027F5B8 /* CicmFilterConvolutionZero.h in Headers */,
				8F29C77D17C28C4A0027F5B8 /* CicmFilterDamper.h in Headers */,
				8F29C77F17C28C4A0027F5B8 /* CicmFilterDelay.h in Headers */,
				8F29C78117C28C4A0027F5B8 /* CicmFilterDiffuser.h in Headers */,
				8F29C78317C28C4A0027F5B8 /* CicmFilterFir.h in Headers */,
				8F29C78517C28C4A0027F5B8 /* CicmFilterFixedDelay.h in Headers */,
				8F29C78717C28C4A0027F5B8 /* CicmFilterOnePole.h in Headers */,
				8F29C78917C28C4A0027F5B8 /* CicmOnePole.h in Headers */,
				8F29C78B17C28C4A0027F5B8 /* CicmQSGS.h in Headers */,
				8F29C78C17C28C4A0027F5B8 /* CicmLibrary.h in Headers */,
				8F29C78E17C28C4A0027F5B8 /* CicmLine.h in Headers */,
				8F29C79017C28C4A0027F5B8 /* CicmFreeverb.h in Headers */,
				8F29C79117C28C4A0027F5B8 /* CicmTuning.h in Headers */,
				8F29C79217C28C4A0027F5B8 /* CicmSignal.h in Headers */,
				8F29C79317C28C4A0027F5B8 /* CicmTools.h in Headers */,
				8F29C79517C28C4A0027F5B8 /* Ambisonic3D.h in Headers */,
				8F29C79717C28C4A0027F5B8 /* Ambisonics.h in Headers */,
				8F29C79917C28C4A0027F5B8 /* AmbisonicsDiffuser.h in Headers */,
				8F29C79B17C28C4A0027F5B8 /* AmbisonicsViewer.h in Headers */,
				8F29C79D17C28C4A0027F5B8 /* Planewaves.h in Headers */,
				8F29C79F17C28C4A0027F5B8 /* AmbisonicsBinaural.h in Headers */,
				8F29C7A117C28C4A0027F5B8 /* BoidsManager.h in Headers */,
				8F29C7A317C28C4A0027F5B8 /* AmbisonicConvolver.h in Headers */,
				8F29C7A517C28C4A0027F5B8 /* AmbisonicDecoder3D.h in Headers */,
				8F29C7A717C28C4A0027F5B8 /* AmbisonicsDecoder.h in Headers */,
				8F29C7A917C28C4A0027F5B8 /* AmbisonicsDelay.h in Headers */,
				8F29C7AB17C28C4A0027F5B8 /* AmbisonicEncoder.h in Headers */,
				8F29C7AD17C28C4A0027F5B8 /* AmbisonicEncoder3D.h in Headers */,
				8F29C7AF17C28C4A0027F5B8 /* AmbisonicsFilter.h in Headers */,
				8F29C7B117C28C4A0027F5B8 /* AmbisonicsFreeverb.h in Headers */,
				8F29C7B317C28C4A0027F5B8 /* AmbisonicsGalaxy.h in Headers */,
				8F29C7B417C28C4A0027F5B8 /* AmbisonicsPlanetarySystem.h in Headers */,
				8F29C7B917C28C4A0027F5B8 /* AmbisonicsSatellite.h in Headers */,
				8F29C7BB17C28C4A0027F5B8 /* AmbisonicsStar.h in Headers */,
				8F29C7BD17C28C4A0027F5B8 /* AmbisonicsSun.h in Headers */,
				8F29C7BF17C28C4A0027F5B8 /* AmbisonicsGrain.h in Headers */,
				8F29C7C017C28C4A0027F5B8 /* HoaLibrary.h in Headers */,
				8F29C7C217C28C4A0027F5B8 /* AmbisonicMap.h in Headers */,
				8F29C7C417C28C4A0027F5B8 /* AmbisonicMultiMaps.h in Headers */,
				8F29C7C617C28C4A0027F5B8 /* AmbisonicSource.h in Headers */,
				8F29C7C817C28C4A0027F5B8 /* AmbisonicSourcesGroup.h in Headers */,
				8F29C7CA17C28C4A0027F5B8 /* AmbisonicSourcesManager.h in Headers */,
				8F29C7CC17C28C4A0027F5B8 /* AmbisonicSourcesPreset.h in Headers */,
				8F29C7CE17C28C4A0027F5B8 /* AmbisonicSourcesTrajectory.h in Headers */,
				8F29C7D017C28C4A0027F5B8 /* AmbisonicsMeter.h in Headers */,
				8F29C7D217C28C4A0027F5B8 /* AmbisonicsMultiDecoder.h in Headers */,
				8F29C7D417C28C4A0027F5B8 /* AmbisonicOptim.h in Headers */,
				8F29C7D617C28C4A0027F5B8 /* AmbisonicsProjector.h in Headers */,
				8F29C7DE17C28C4A0027F5B8 /* AmbisonicsRestitution.h in Headers */,
				8F29C7E017C28C4A0027F5B8 /* AmbisonicsRingModulation.h in Headers */,
				8F29C7E217C28C4A0027F5B8 /* AmbisonicRotate.h in Headers */,
				8F29C7E417C28C4A0027F5B8 /* AmbisonicsScope.h in Headers */,
				8F29C7E617C28C4A0027F5B8 /* AmbisonicSpace.h in Headers */,
				8F29C7E817C28C4A0027F5B8 /* AmbisonicSpectrum.h in Headers */,
				8F29C7EA17C28C4A0027F5B8 /* AmbisonicVector.h in Headers */,
				8F29C7EC17C28C4A0027F5B8 /* AmbisonicWider.h in Headers */,
			);
			runOnlyForDeploymentPostprocessing = 0;
		};
/* End PBXHeadersBuildPhase section */

/* Begin PBXNativeTarget section */
		2FBBEAD608F335360078DB84 /* max-external */ = {
			isa = PBXNativeTarget;
			buildConfigurationList = 2FBBEAE008F335360078DB84 /* Build configuration list for PBXNativeTarget "max-external" */;
			buildPhases = (
				2FBBEAD708F335360078DB84 /* Headers */,
				2FBBEAD808F335360078DB84 /* Resources */,
				2FBBEADA08F335360078DB84 /* Sources */,
				2FBBEADC08F335360078DB84 /* Frameworks */,
				2FBBEADF08F335360078DB84 /* Rez */,
			);
			buildRules = (
			);
			dependencies = (
			);
			name = "max-external";
			productName = iterator;
			productReference = 2FBBEAE508F335360078DB84 /* hoa.map~.mxo */;
			productType = "com.apple.product-type.bundle";
		};
/* End PBXNativeTarget section */

/* Begin PBXProject section */
		089C1669FE841209C02AAC07 /* Project object */ = {
			isa = PBXProject;
			attributes = {
				LastUpgradeCheck = 0460;
			};
			buildConfigurationList = 2FBBEACF08F335010078DB84 /* Build configuration list for PBXProject "hoa.map~" */;
			compatibilityVersion = "Xcode 3.2";
			developmentRegion = English;
			hasScannedForEncodings = 1;
			knownRegions = (
				English,
				Japanese,
				French,
				German,
			);
			mainGroup = 089C166AFE841209C02AAC07 /* iterator */;
			projectDirPath = "";
			projectRoot = "";
			targets = (
				2FBBEAD608F335360078DB84 /* max-external */,
			);
		};
/* End PBXProject section */

/* Begin PBXResourcesBuildPhase section */
		2FBBEAD808F335360078DB84 /* Resources */ = {
			isa = PBXResourcesBuildPhase;
			buildActionMask = 2147483647;
			files = (
				2C6E3332171047C000BA3BDC /* maxmspsdk.xcconfig in Resources */,
			);
			runOnlyForDeploymentPostprocessing = 0;
		};
/* End PBXResourcesBuildPhase section */

/* Begin PBXRezBuildPhase section */
		2FBBEADF08F335360078DB84 /* Rez */ = {
			isa = PBXRezBuildPhase;
			buildActionMask = 2147483647;
			files = (
			);
			runOnlyForDeploymentPostprocessing = 0;
		};
/* End PBXRezBuildPhase section */

/* Begin PBXSourcesBuildPhase section */
		2FBBEADA08F335360078DB84 /* Sources */ = {
			isa = PBXSourcesBuildPhase;
			buildActionMask = 2147483647;
			files = (
				2CA6F05C17294FA300957BC2 /* hoa.map~.cpp in Sources */,
				8F29C76617C28C4A0027F5B8 /* CicmRingModulation.cpp in Sources */,
				8F29C76B17C28C4A0027F5B8 /* CicmDecorrelation.cpp in Sources */,
				8F29C76D17C28C4A0027F5B8 /* CicmEnvelope.cpp in Sources */,
				8F29C76F17C28C4A0027F5B8 /* CicmFft.cpp in Sources */,
				8F29C77117C28C4A0027F5B8 /* CicmFilter.cpp in Sources */,
				8F29C77317C28C4A0027F5B8 /* CicmFilterAllpass.cpp in Sources */,
				8F29C77517C28C4A0027F5B8 /* CicmFilterBiquad.cpp in Sources */,
				8F29C77717C28C4A0027F5B8 /* CicmFilterComb.cpp in Sources */,
				8F29C77917C28C4A0027F5B8 /* CicmFilterConvolution.cpp in Sources */,
				8F29C77B17C28C4A0027F5B8 /* CicmFilterConvolutionZero.cpp in Sources */,
				8F29C77E17C28C4A0027F5B8 /* CicmFilterDelay.cpp in Sources */,
				8F29C78017C28C4A0027F5B8 /* CicmFilterDiffuser.cpp in Sources */,
				8F29C78217C28C4A0027F5B8 /* CicmFilterFir.cpp in Sources */,
				8F29C78417C28C4A0027F5B8 /* CicmFilterFixedDelay.cpp in Sources */,
				8F29C78617C28C4A0027F5B8 /* CicmFilterOnePole.cpp in Sources */,
				8F29C78817C28C4A0027F5B8 /* CicmOnePole.cpp in Sources */,
				8F29C78A17C28C4A0027F5B8 /* CicmQSGS.cpp in Sources */,
				8F29C78D17C28C4A0027F5B8 /* CicmLine.cpp in Sources */,
				8F29C78F17C28C4A0027F5B8 /* CicmFreeverb.cpp in Sources */,
				8F29C79417C28C4A0027F5B8 /* Ambisonic3D.cpp in Sources */,
				8F29C79617C28C4A0027F5B8 /* Ambisonics.cpp in Sources */,
				8F29C79817C28C4A0027F5B8 /* AmbisonicsDiffuser.cpp in Sources */,
				8F29C79A17C28C4A0027F5B8 /* AmbisonicsViewer.cpp in Sources */,
				8F29C79C17C28C4A0027F5B8 /* Planewaves.cpp in Sources */,
				8F29C79E17C28C4A0027F5B8 /* AmbisonicsBinaural.cpp in Sources */,
				8F29C7A017C28C4A0027F5B8 /* BoidsManager.cpp in Sources */,
				8F29C7A217C28C4A0027F5B8 /* AmbisonicConvolver.cpp in Sources */,
				8F29C7A417C28C4A0027F5B8 /* AmbisonicDecoder3D.cpp in Sources */,
				8F29C7A617C28C4A0027F5B8 /* AmbisonicsDecoder.cpp in Sources */,
				8F29C7A817C28C4A0027F5B8 /* AmbisonicsDelay.cpp in Sources */,
				8F29C7AA17C28C4A0027F5B8 /* AmbisonicEncoder.cpp in Sources */,
				8F29C7AC17C28C4A0027F5B8 /* AmbisonicEncoder3D.cpp in Sources */,
				8F29C7AE17C28C4A0027F5B8 /* AmbisonicsFilter.cpp in Sources */,
				8F29C7B017C28C4A0027F5B8 /* AmbisonicsFreeverb.cpp in Sources */,
				8F29C7B217C28C4A0027F5B8 /* AmbisonicsGalaxy.cpp in Sources */,
				8F29C7B517C28C4A0027F5B8 /* AmbisonicsPlanetarySystemGlobal.cpp in Sources */,
				8F29C7B617C28C4A0027F5B8 /* AmbisonicsPlanetarySystemSatellites.cpp in Sources */,
				8F29C7B717C28C4A0027F5B8 /* AmbisonicsPlanetarySystemSun.cpp in Sources */,
				8F29C7B817C28C4A0027F5B8 /* AmbisonicsSatellite.cpp in Sources */,
				8F29C7BA17C28C4A0027F5B8 /* AmbisonicsStar.cpp in Sources */,
				8F29C7BC17C28C4A0027F5B8 /* AmbisonicsSun.cpp in Sources */,
				8F29C7BE17C28C4A0027F5B8 /* AmbisonicsGrain.cpp in Sources */,
				8F29C7C117C28C4A0027F5B8 /* AmbisonicMap.cpp in Sources */,
				8F29C7C317C28C4A0027F5B8 /* AmbisonicMultiMaps.cpp in Sources */,
				8F29C7C517C28C4A0027F5B8 /* AmbisonicSource.cpp in Sources */,
				8F29C7C717C28C4A0027F5B8 /* AmbisonicSourcesGroup.cpp in Sources */,
				8F29C7C917C28C4A0027F5B8 /* AmbisonicSourcesManager.cpp in Sources */,
				8F29C7CB17C28C4A0027F5B8 /* AmbisonicSourcesPreset.cpp in Sources */,
				8F29C7CD17C28C4A0027F5B8 /* AmbisonicSourcesTrajectory.cpp in Sources */,
				8F29C7CF17C28C4A0027F5B8 /* AmbisonicsMeter.cpp in Sources */,
				8F29C7D117C28C4A0027F5B8 /* AmbisonicsMultiDecoder.cpp in Sources */,
				8F29C7D317C28C4A0027F5B8 /* AmbisonicOptim.cpp in Sources */,
				8F29C7D517C28C4A0027F5B8 /* AmbisonicsProjector.cpp in Sources */,
				8F29C7DD17C28C4A0027F5B8 /* AmbisonicsRestitution.cpp in Sources */,
				8F29C7DF17C28C4A0027F5B8 /* AmbisonicsRingModulation.cpp in Sources */,
				8F29C7E117C28C4A0027F5B8 /* AmbisonicRotate.cpp in Sources */,
				8F29C7E317C28C4A0027F5B8 /* AmbisonicsScope.cpp in Sources */,
				8F29C7E517C28C4A0027F5B8 /* AmbisonicSpace.cpp in Sources */,
				8F29C7E717C28C4A0027F5B8 /* AmbisonicSpectrum.cpp in Sources */,
				8F29C7E917C28C4A0027F5B8 /* AmbisonicVector.cpp in Sources */,
				8F29C7EB17C28C4A0027F5B8 /* AmbisonicWider.cpp in Sources */,
			);
			runOnlyForDeploymentPostprocessing = 0;
		};
/* End PBXSourcesBuildPhase section */

/* Begin XCBuildConfiguration section */
		2FBBEAD008F335010078DB84 /* Development */ = {
			isa = XCBuildConfiguration;
			buildSettings = {
				ARCHS = "$(ARCHS_STANDARD_32_64_BIT)";
				SDKROOT = macosx10.7;
			};
			name = Development;
		};
		2FBBEAD108F335010078DB84 /* Deployment */ = {
			isa = XCBuildConfiguration;
			buildSettings = {
				ARCHS = "$(ARCHS_STANDARD_32_64_BIT)";
				SDKROOT = macosx10.7;
			};
			name = Deployment;
		};
		2FBBEAE108F335360078DB84 /* Development */ = {
			isa = XCBuildConfiguration;
			baseConfigurationReference = 2C6E3331171047C000BA3BDC /* maxmspsdk.xcconfig */;
			buildSettings = {
				CLANG_X86_VECTOR_INSTRUCTIONS = sse4.2;
				COMBINE_HIDPI_IMAGES = YES;
				COPY_PHASE_STRIP = NO;
				FRAMEWORK_SEARCH_PATHS = (
					"$(inherited)",
					"\"$(SRCROOT)/../../../c74support/msp-includes\"",
					"\"$(SRCROOT)/../../../../SDKs/MaxSDK-6.1.1/c74support/msp-includes\"",
				);
				GCC_DYNAMIC_NO_PIC = NO;
				GCC_ENABLE_KERNEL_DEVELOPMENT = NO;
				GCC_FAST_MATH = YES;
				GCC_GENERATE_TEST_COVERAGE_FILES = YES;
				GCC_INSTRUMENT_PROGRAM_FLOW_ARCS = YES;
				GCC_NO_COMMON_BLOCKS = YES;
				GCC_OPTIMIZATION_LEVEL = 0;
				GCC_SYMBOLS_PRIVATE_EXTERN = NO;
				GCC_UNROLL_LOOPS = YES;
				GCC_VERSION = com.apple.compilers.llvm.clang.1_0;
				LLVM_LTO = YES;
				OTHER_LDFLAGS = "$(C74_SYM_LINKER_FLAGS)";
				PRODUCT_NAME = "hoa.map~";
			};
			name = Development;
		};
		2FBBEAE208F335360078DB84 /* Deployment */ = {
			isa = XCBuildConfiguration;
			baseConfigurationReference = 2C6E3331171047C000BA3BDC /* maxmspsdk.xcconfig */;
			buildSettings = {
				CLANG_X86_VECTOR_INSTRUCTIONS = sse4.2;
				COMBINE_HIDPI_IMAGES = YES;
				COPY_PHASE_STRIP = YES;
				FRAMEWORK_SEARCH_PATHS = (
					"$(inherited)",
					"\"$(SRCROOT)/../../../c74support/msp-includes\"",
					"\"$(SRCROOT)/../../../../SDKs/MaxSDK-6.1.1/c74support/msp-includes\"",
				);
				GCC_DYNAMIC_NO_PIC = NO;
				GCC_ENABLE_KERNEL_DEVELOPMENT = NO;
				GCC_FAST_MATH = YES;
				GCC_GENERATE_TEST_COVERAGE_FILES = YES;
				GCC_INSTRUMENT_PROGRAM_FLOW_ARCS = YES;
				GCC_NO_COMMON_BLOCKS = YES;
				GCC_OPTIMIZATION_LEVEL = 3;
				GCC_SYMBOLS_PRIVATE_EXTERN = NO;
				GCC_UNROLL_LOOPS = YES;
				GCC_VERSION = com.apple.compilers.llvm.clang.1_0;
				LLVM_LTO = YES;
				OTHER_LDFLAGS = "$(C74_SYM_LINKER_FLAGS)";
				PRODUCT_NAME = "hoa.map~";
			};
			name = Deployment;
		};
/* End XCBuildConfiguration section */

/* Begin XCConfigurationList section */
		2FBBEACF08F335010078DB84 /* Build configuration list for PBXProject "hoa.map~" */ = {
			isa = XCConfigurationList;
			buildConfigurations = (
				2FBBEAD008F335010078DB84 /* Development */,
				2FBBEAD108F335010078DB84 /* Deployment */,
			);
			defaultConfigurationIsVisible = 0;
			defaultConfigurationName = Deployment;
		};
		2FBBEAE008F335360078DB84 /* Build configuration list for PBXNativeTarget "max-external" */ = {
			isa = XCConfigurationList;
			buildConfigurations = (
				2FBBEAE108F335360078DB84 /* Development */,
				2FBBEAE208F335360078DB84 /* Deployment */,
			);
			defaultConfigurationIsVisible = 0;
			defaultConfigurationName = Deployment;
		};
/* End XCConfigurationList section */
	};
	rootObject = 089C1669FE841209C02AAC07 /* Project object */;
}
